
Microsoft Visual Studio Solution File, Format Version 12.00
# Visual Studio 15
VisualStudioVersion = 15.0.26430.12
MinimumVisualStudioVersion = 15.0.26124.0
Project("{FAE04EC0-301F-11D3-BF4B-00C04F79EFBC}") = "UnitsNet.NetStandard10", "UnitsNet\UnitsNet.NetStandard10.csproj", "{D139FCC2-B21C-45AB-A66D-55059A2C8E88}"
EndProject
Project("{FAE04EC0-301F-11D3-BF4B-00C04F79EFBC}") = "UnitsNet.Serialization.JsonNet", "UnitsNet.Serialization.JsonNet\UnitsNet.Serialization.JsonNet.csproj", "{5402A4FE-076E-4D3C-8E80-9CCF71654A0F}"
EndProject
Project("{FAE04EC0-301F-11D3-BF4B-00C04F79EFBC}") = "UnitsNet.Serialization.JsonNet.Tests.NetCore", "UnitsNet.Serialization.JsonNet.Tests\UnitsNet.Serialization.JsonNet.Tests.NetCore.csproj", "{027892C2-CBED-4AA6-BED2-D7DFED224C2D}"
EndProject
Project("{FAE04EC0-301F-11D3-BF4B-00C04F79EFBC}") = "UnitsNet.Tests.NetCore", "UnitsNet.Tests\UnitsNet.Tests.NetCore.csproj", "{8FD62850-1548-412C-B2FD-DFA8DB418D91}"
EndProject
Project("{9A19103F-16F7-4668-BE54-9A1E7A4F7556}") = "UnitsNet.NetStandard10.Signed", "UnitsNet\UnitsNet.NetStandard10.Signed.csproj", "{F68CBDBA-FE8D-45D3-AF44-5D2E713D7688}"
EndProject
Project("{9A19103F-16F7-4668-BE54-9A1E7A4F7556}") = "UnitsNet.Serialization.JsonNet.Signed", "UnitsNet.Serialization.JsonNet\UnitsNet.Serialization.JsonNet.Signed.csproj", "{E74564D0-D3FE-45BE-A250-B73786B05651}"
EndProject
Global
	GlobalSection(SolutionConfigurationPlatforms) = preSolution
		Debug|Any CPU = Debug|Any CPU
		Debug|x64 = Debug|x64
		Debug|x86 = Debug|x86
		Release|Any CPU = Release|Any CPU
		Release|x64 = Release|x64
		Release|x86 = Release|x86
	EndGlobalSection
	GlobalSection(ProjectConfigurationPlatforms) = postSolution
		{D139FCC2-B21C-45AB-A66D-55059A2C8E88}.Debug|Any CPU.ActiveCfg = Debug|Any CPU
		{D139FCC2-B21C-45AB-A66D-55059A2C8E88}.Debug|Any CPU.Build.0 = Debug|Any CPU
		{D139FCC2-B21C-45AB-A66D-55059A2C8E88}.Debug|x64.ActiveCfg = Debug|Any CPU
		{D139FCC2-B21C-45AB-A66D-55059A2C8E88}.Debug|x64.Build.0 = Debug|Any CPU
		{D139FCC2-B21C-45AB-A66D-55059A2C8E88}.Debug|x86.ActiveCfg = Debug|Any CPU
		{D139FCC2-B21C-45AB-A66D-55059A2C8E88}.Debug|x86.Build.0 = Debug|Any CPU
		{D139FCC2-B21C-45AB-A66D-55059A2C8E88}.Release|Any CPU.ActiveCfg = Release|Any CPU
		{D139FCC2-B21C-45AB-A66D-55059A2C8E88}.Release|Any CPU.Build.0 = Release|Any CPU
		{D139FCC2-B21C-45AB-A66D-55059A2C8E88}.Release|x64.ActiveCfg = Release|Any CPU
		{D139FCC2-B21C-45AB-A66D-55059A2C8E88}.Release|x64.Build.0 = Release|Any CPU
		{D139FCC2-B21C-45AB-A66D-55059A2C8E88}.Release|x86.ActiveCfg = Release|Any CPU
		{D139FCC2-B21C-45AB-A66D-55059A2C8E88}.Release|x86.Build.0 = Release|Any CPU
		{5402A4FE-076E-4D3C-8E80-9CCF71654A0F}.Debug|Any CPU.ActiveCfg = Debug|Any CPU
		{5402A4FE-076E-4D3C-8E80-9CCF71654A0F}.Debug|Any CPU.Build.0 = Debug|Any CPU
		{5402A4FE-076E-4D3C-8E80-9CCF71654A0F}.Debug|x64.ActiveCfg = Debug|Any CPU
		{5402A4FE-076E-4D3C-8E80-9CCF71654A0F}.Debug|x64.Build.0 = Debug|Any CPU
		{5402A4FE-076E-4D3C-8E80-9CCF71654A0F}.Debug|x86.ActiveCfg = Debug|Any CPU
		{5402A4FE-076E-4D3C-8E80-9CCF71654A0F}.Debug|x86.Build.0 = Debug|Any CPU
		{5402A4FE-076E-4D3C-8E80-9CCF71654A0F}.Release|Any CPU.ActiveCfg = Release|Any CPU
		{5402A4FE-076E-4D3C-8E80-9CCF71654A0F}.Release|Any CPU.Build.0 = Release|Any CPU
		{5402A4FE-076E-4D3C-8E80-9CCF71654A0F}.Release|x64.ActiveCfg = Release|Any CPU
		{5402A4FE-076E-4D3C-8E80-9CCF71654A0F}.Release|x64.Build.0 = Release|Any CPU
		{5402A4FE-076E-4D3C-8E80-9CCF71654A0F}.Release|x86.ActiveCfg = Release|Any CPU
		{5402A4FE-076E-4D3C-8E80-9CCF71654A0F}.Release|x86.Build.0 = Release|Any CPU
		{027892C2-CBED-4AA6-BED2-D7DFED224C2D}.Debug|Any CPU.ActiveCfg = Debug|Any CPU
		{027892C2-CBED-4AA6-BED2-D7DFED224C2D}.Debug|Any CPU.Build.0 = Debug|Any CPU
		{027892C2-CBED-4AA6-BED2-D7DFED224C2D}.Debug|x64.ActiveCfg = Debug|Any CPU
		{027892C2-CBED-4AA6-BED2-D7DFED224C2D}.Debug|x64.Build.0 = Debug|Any CPU
		{027892C2-CBED-4AA6-BED2-D7DFED224C2D}.Debug|x86.ActiveCfg = Debug|Any CPU
		{027892C2-CBED-4AA6-BED2-D7DFED224C2D}.Debug|x86.Build.0 = Debug|Any CPU
		{027892C2-CBED-4AA6-BED2-D7DFED224C2D}.Release|Any CPU.ActiveCfg = Release|Any CPU
		{027892C2-CBED-4AA6-BED2-D7DFED224C2D}.Release|Any CPU.Build.0 = Release|Any CPU
		{027892C2-CBED-4AA6-BED2-D7DFED224C2D}.Release|x64.ActiveCfg = Release|Any CPU
		{027892C2-CBED-4AA6-BED2-D7DFED224C2D}.Release|x64.Build.0 = Release|Any CPU
		{027892C2-CBED-4AA6-BED2-D7DFED224C2D}.Release|x86.ActiveCfg = Release|Any CPU
		{027892C2-CBED-4AA6-BED2-D7DFED224C2D}.Release|x86.Build.0 = Release|Any CPU
		{8FD62850-1548-412C-B2FD-DFA8DB418D91}.Debug|Any CPU.ActiveCfg = Debug|Any CPU
		{8FD62850-1548-412C-B2FD-DFA8DB418D91}.Debug|Any CPU.Build.0 = Debug|Any CPU
		{8FD62850-1548-412C-B2FD-DFA8DB418D91}.Debug|x64.ActiveCfg = Debug|Any CPU
		{8FD62850-1548-412C-B2FD-DFA8DB418D91}.Debug|x64.Build.0 = Debug|Any CPU
		{8FD62850-1548-412C-B2FD-DFA8DB418D91}.Debug|x86.ActiveCfg = Debug|Any CPU
		{8FD62850-1548-412C-B2FD-DFA8DB418D91}.Debug|x86.Build.0 = Debug|Any CPU
		{8FD62850-1548-412C-B2FD-DFA8DB418D91}.Release|Any CPU.ActiveCfg = Release|Any CPU
		{8FD62850-1548-412C-B2FD-DFA8DB418D91}.Release|Any CPU.Build.0 = Release|Any CPU
		{8FD62850-1548-412C-B2FD-DFA8DB418D91}.Release|x64.ActiveCfg = Release|Any CPU
		{8FD62850-1548-412C-B2FD-DFA8DB418D91}.Release|x64.Build.0 = Release|Any CPU
		{8FD62850-1548-412C-B2FD-DFA8DB418D91}.Release|x86.ActiveCfg = Release|Any CPU
		{8FD62850-1548-412C-B2FD-DFA8DB418D91}.Release|x86.Build.0 = Release|Any CPU
		{F68CBDBA-FE8D-45D3-AF44-5D2E713D7688}.Debug|Any CPU.ActiveCfg = Debug|Any CPU
		{F68CBDBA-FE8D-45D3-AF44-5D2E713D7688}.Debug|Any CPU.Build.0 = Debug|Any CPU
		{F68CBDBA-FE8D-45D3-AF44-5D2E713D7688}.Debug|x64.ActiveCfg = Debug|Any CPU
		{F68CBDBA-FE8D-45D3-AF44-5D2E713D7688}.Debug|x64.Build.0 = Debug|Any CPU
		{F68CBDBA-FE8D-45D3-AF44-5D2E713D7688}.Debug|x86.ActiveCfg = Debug|Any CPU
		{F68CBDBA-FE8D-45D3-AF44-5D2E713D7688}.Debug|x86.Build.0 = Debug|Any CPU
		{F68CBDBA-FE8D-45D3-AF44-5D2E713D7688}.Release|Any CPU.ActiveCfg = Release|Any CPU
		{F68CBDBA-FE8D-45D3-AF44-5D2E713D7688}.Release|Any CPU.Build.0 = Release|Any CPU
		{F68CBDBA-FE8D-45D3-AF44-5D2E713D7688}.Release|x64.ActiveCfg = Release|Any CPU
		{F68CBDBA-FE8D-45D3-AF44-5D2E713D7688}.Release|x64.Build.0 = Release|Any CPU
		{F68CBDBA-FE8D-45D3-AF44-5D2E713D7688}.Release|x86.ActiveCfg = Release|Any CPU
		{F68CBDBA-FE8D-45D3-AF44-5D2E713D7688}.Release|x86.Build.0 = Release|Any CPU
		{E74564D0-D3FE-45BE-A250-B73786B05651}.Debug|Any CPU.ActiveCfg = Debug|Any CPU
		{E74564D0-D3FE-45BE-A250-B73786B05651}.Debug|Any CPU.Build.0 = Debug|Any CPU
		{E74564D0-D3FE-45BE-A250-B73786B05651}.Debug|x64.ActiveCfg = Debug|Any CPU
		{E74564D0-D3FE-45BE-A250-B73786B05651}.Debug|x64.Build.0 = Debug|Any CPU
		{E74564D0-D3FE-45BE-A250-B73786B05651}.Debug|x86.ActiveCfg = Debug|Any CPU
		{E74564D0-D3FE-45BE-A250-B73786B05651}.Debug|x86.Build.0 = Debug|Any CPU
		{E74564D0-D3FE-45BE-A250-B73786B05651}.Release|Any CPU.ActiveCfg = Release|Any CPU
		{E74564D0-D3FE-45BE-A250-B73786B05651}.Release|Any CPU.Build.0 = Release|Any CPU
		{E74564D0-D3FE-45BE-A250-B73786B05651}.Release|x64.ActiveCfg = Release|Any CPU
		{E74564D0-D3FE-45BE-A250-B73786B05651}.Release|x64.Build.0 = Release|Any CPU
		{E74564D0-D3FE-45BE-A250-B73786B05651}.Release|x86.ActiveCfg = Release|Any CPU
		{E74564D0-D3FE-45BE-A250-B73786B05651}.Release|x86.Build.0 = Release|Any CPU
	EndGlobalSection
	GlobalSection(SolutionProperties) = preSolution
		HideSolutionNode = FALSE
	EndGlobalSection
EndGlobal
