Microsoft Visual Studio Solution File, Format Version 12.00
# Visual Studio Version 16
VisualStudioVersion = 16.0.30413.136
MinimumVisualStudioVersion = 10.0.40219.1
Project("{76d7f491-91b6-41fb-825c-518badf99789}") = "Acceleration", "Acceleration.nfproj", "{e50c72fb-8bd0-420a-bd02-72fb5f25f7dd}"
EndProject
Project("{76d7f491-91b6-41fb-825c-518badf99789}") = "AmountOfSubstance", "AmountOfSubstance.nfproj", "{0c2455a1-aefc-4b3a-b973-b4ddfefda6da}"
EndProject
Project("{76d7f491-91b6-41fb-825c-518badf99789}") = "AmplitudeRatio", "AmplitudeRatio.nfproj", "{0d0ed6ae-26bb-40f7-a190-2ad678423241}"
EndProject
Project("{76d7f491-91b6-41fb-825c-518badf99789}") = "Angle", "Angle.nfproj", "{54f99c1c-785d-4cc9-aaa9-fc3f71a84447}"
EndProject
Project("{76d7f491-91b6-41fb-825c-518badf99789}") = "ApparentEnergy", "ApparentEnergy.nfproj", "{4d26531f-94b6-42cf-83f1-9ca1df307c41}"
EndProject
Project("{76d7f491-91b6-41fb-825c-518badf99789}") = "ApparentPower", "ApparentPower.nfproj", "{6ea92970-5ae5-4cd9-a528-e80b535c3c97}"
EndProject
Project("{76d7f491-91b6-41fb-825c-518badf99789}") = "Area", "Area.nfproj", "{5c26a80d-3905-4c83-9915-790c9b4033a1}"
EndProject
Project("{76d7f491-91b6-41fb-825c-518badf99789}") = "AreaDensity", "AreaDensity.nfproj", "{182599b0-f904-4813-bb79-85db3d11ff33}"
EndProject
Project("{76d7f491-91b6-41fb-825c-518badf99789}") = "AreaMomentOfInertia", "AreaMomentOfInertia.nfproj", "{690ae16f-bb51-4d1c-ba32-84b0f3585d29}"
EndProject
Project("{76d7f491-91b6-41fb-825c-518badf99789}") = "BrakeSpecificFuelConsumption", "BrakeSpecificFuelConsumption.nfproj", "{c688f254-77f3-407a-9c89-75a4ca4ceaf5}"
EndProject
Project("{76d7f491-91b6-41fb-825c-518badf99789}") = "Capacitance", "Capacitance.nfproj", "{67366b0c-3993-4e1e-9de6-fd09b0a42679}"
EndProject
Project("{76d7f491-91b6-41fb-825c-518badf99789}") = "CoefficientOfThermalExpansion", "CoefficientOfThermalExpansion.nfproj", "{e8dc4fe6-2ba0-4ed8-abfa-d216cc5dd4dc}"
EndProject
Project("{76d7f491-91b6-41fb-825c-518badf99789}") = "Density", "Density.nfproj", "{ed7ee57b-6e5b-4fdb-b2ee-0a8b79f4c1c7}"
EndProject
Project("{76d7f491-91b6-41fb-825c-518badf99789}") = "Duration", "Duration.nfproj", "{5c48f0a3-2e8f-4c2b-b64b-b75ecaf1b611}"
EndProject
Project("{76d7f491-91b6-41fb-825c-518badf99789}") = "DynamicViscosity", "DynamicViscosity.nfproj", "{b2cb83b2-61f9-4c06-ba30-92b94f611b84}"
EndProject
Project("{76d7f491-91b6-41fb-825c-518badf99789}") = "ElectricAdmittance", "ElectricAdmittance.nfproj", "{3f3bf1ea-9b9f-4fff-8fdd-15c4af2eb656}"
EndProject
Project("{76d7f491-91b6-41fb-825c-518badf99789}") = "ElectricCharge", "ElectricCharge.nfproj", "{a6ee482f-f0a0-4939-a594-e763dbd6a37c}"
EndProject
Project("{76d7f491-91b6-41fb-825c-518badf99789}") = "ElectricChargeDensity", "ElectricChargeDensity.nfproj", "{f6ae1055-3869-4912-bb32-5354752f08c3}"
EndProject
Project("{76d7f491-91b6-41fb-825c-518badf99789}") = "ElectricConductance", "ElectricConductance.nfproj", "{e86589b9-cd62-4b93-99cf-52d335103c85}"
EndProject
Project("{76d7f491-91b6-41fb-825c-518badf99789}") = "ElectricConductivity", "ElectricConductivity.nfproj", "{18912246-e885-407a-9e17-41bc124c23ef}"
EndProject
Project("{76d7f491-91b6-41fb-825c-518badf99789}") = "ElectricCurrent", "ElectricCurrent.nfproj", "{ea7b1180-36e8-40d0-885e-6b521508c71d}"
EndProject
Project("{76d7f491-91b6-41fb-825c-518badf99789}") = "ElectricCurrentDensity", "ElectricCurrentDensity.nfproj", "{bd2f0239-e883-4aa7-beb3-14b34cb2029c}"
EndProject
Project("{76d7f491-91b6-41fb-825c-518badf99789}") = "ElectricCurrentGradient", "ElectricCurrentGradient.nfproj", "{a8a04341-182e-4d7d-ab47-00473ea70b27}"
EndProject
Project("{76d7f491-91b6-41fb-825c-518badf99789}") = "ElectricField", "ElectricField.nfproj", "{fd41ffc6-2be0-4a99-8e06-f4e8de7e9557}"
EndProject
Project("{76d7f491-91b6-41fb-825c-518badf99789}") = "ElectricInductance", "ElectricInductance.nfproj", "{e01ed4e7-e253-43f6-a096-5cb3a86b5aec}"
EndProject
Project("{76d7f491-91b6-41fb-825c-518badf99789}") = "ElectricPotential", "ElectricPotential.nfproj", "{6ed8f345-2528-403c-ab1c-fd001752270d}"
EndProject
Project("{76d7f491-91b6-41fb-825c-518badf99789}") = "ElectricPotentialAc", "ElectricPotentialAc.nfproj", "{7ef16fca-4bf5-4961-83ca-df515cde8dd5}"
EndProject
Project("{76d7f491-91b6-41fb-825c-518badf99789}") = "ElectricPotentialChangeRate", "ElectricPotentialChangeRate.nfproj", "{9d06ce67-2e5b-4a25-a1b2-5c45645f307b}"
EndProject
Project("{76d7f491-91b6-41fb-825c-518badf99789}") = "ElectricPotentialDc", "ElectricPotentialDc.nfproj", "{b0bb7156-48ab-4d7c-86b5-3f27800a4032}"
EndProject
Project("{76d7f491-91b6-41fb-825c-518badf99789}") = "ElectricResistance", "ElectricResistance.nfproj", "{87341f43-2664-4239-b049-6255e1f39fe4}"
EndProject
Project("{76d7f491-91b6-41fb-825c-518badf99789}") = "ElectricResistivity", "ElectricResistivity.nfproj", "{bdf10013-d655-4291-9291-b4d27a07c71d}"
EndProject
Project("{76d7f491-91b6-41fb-825c-518badf99789}") = "ElectricSurfaceChargeDensity", "ElectricSurfaceChargeDensity.nfproj", "{698d4c70-1d42-4a65-8c18-ee76f9411842}"
EndProject
Project("{76d7f491-91b6-41fb-825c-518badf99789}") = "Energy", "Energy.nfproj", "{409c18e4-fca9-4ddc-a89f-84a80f52e745}"
EndProject
Project("{76d7f491-91b6-41fb-825c-518badf99789}") = "Entropy", "Entropy.nfproj", "{a27ba4eb-704c-4883-b1c3-99e635fa2e93}"
EndProject
Project("{76d7f491-91b6-41fb-825c-518badf99789}") = "Force", "Force.nfproj", "{2736c816-90d8-44d4-ab9a-f152e7c18dec}"
EndProject
Project("{76d7f491-91b6-41fb-825c-518badf99789}") = "ForceChangeRate", "ForceChangeRate.nfproj", "{e6900fd9-02f8-4830-b2ac-27c2ee14a84a}"
EndProject
Project("{76d7f491-91b6-41fb-825c-518badf99789}") = "ForcePerLength", "ForcePerLength.nfproj", "{851aa391-cc1a-4fd0-8ded-156f1ba5ee73}"
EndProject
Project("{76d7f491-91b6-41fb-825c-518badf99789}") = "Frequency", "Frequency.nfproj", "{9ac15e08-e9c5-48ee-b656-b7d1a0760168}"
EndProject
Project("{76d7f491-91b6-41fb-825c-518badf99789}") = "FuelEfficiency", "FuelEfficiency.nfproj", "{a22c8f37-cb7e-4ff8-9575-4b0f5783cf41}"
EndProject
Project("{76d7f491-91b6-41fb-825c-518badf99789}") = "HeatFlux", "HeatFlux.nfproj", "{2fc86bfd-436a-4f41-9325-16d0d1f31bc9}"
EndProject
Project("{76d7f491-91b6-41fb-825c-518badf99789}") = "HeatTransferCoefficient", "HeatTransferCoefficient.nfproj", "{4d391637-f102-4741-b433-4efc5401deb3}"
EndProject
Project("{76d7f491-91b6-41fb-825c-518badf99789}") = "Illuminance", "Illuminance.nfproj", "{06b9064a-a392-47f3-aeb6-abc6bdb55222}"
EndProject
Project("{76d7f491-91b6-41fb-825c-518badf99789}") = "Irradiance", "Irradiance.nfproj", "{07772b83-4a74-4136-98d5-583e393cbd6d}"
EndProject
Project("{76d7f491-91b6-41fb-825c-518badf99789}") = "Irradiation", "Irradiation.nfproj", "{72e89e95-2671-4ab2-bd0d-751aa1d70d1d}"
EndProject
Project("{76d7f491-91b6-41fb-825c-518badf99789}") = "KinematicViscosity", "KinematicViscosity.nfproj", "{d465c315-4461-4432-96db-5a162aff4e68}"
EndProject
Project("{76d7f491-91b6-41fb-825c-518badf99789}") = "LapseRate", "LapseRate.nfproj", "{01a3988f-bd7e-482c-93b1-48cac54c11f6}"
EndProject
Project("{76d7f491-91b6-41fb-825c-518badf99789}") = "Length", "Length.nfproj", "{d0ec84c5-0db5-4650-936d-c85d225e6744}"
EndProject
Project("{76d7f491-91b6-41fb-825c-518badf99789}") = "Level", "Level.nfproj", "{d8be4ada-2891-4454-860d-0104f1988d3a}"
EndProject
Project("{76d7f491-91b6-41fb-825c-518badf99789}") = "LinearDensity", "LinearDensity.nfproj", "{f6fc3196-0c0e-4014-9abb-fb019dc085b8}"
EndProject
Project("{76d7f491-91b6-41fb-825c-518badf99789}") = "LinearPowerDensity", "LinearPowerDensity.nfproj", "{2c04214a-e25c-406e-b96b-eb0e76da35ce}"
EndProject
Project("{76d7f491-91b6-41fb-825c-518badf99789}") = "Luminosity", "Luminosity.nfproj", "{120ffe96-9a74-4cbf-bedd-5b1a555c680b}"
EndProject
Project("{76d7f491-91b6-41fb-825c-518badf99789}") = "LuminousFlux", "LuminousFlux.nfproj", "{d43ceb7a-f561-41dc-b5ad-e51cf0932e5d}"
EndProject
Project("{76d7f491-91b6-41fb-825c-518badf99789}") = "LuminousIntensity", "LuminousIntensity.nfproj", "{98af066b-b300-4dc0-b0ee-3f6c72b93bef}"
EndProject
Project("{76d7f491-91b6-41fb-825c-518badf99789}") = "MagneticField", "MagneticField.nfproj", "{b9123155-ceb1-4685-b944-536130484693}"
EndProject
Project("{76d7f491-91b6-41fb-825c-518badf99789}") = "MagneticFlux", "MagneticFlux.nfproj", "{cdf0d35b-0c36-4b2c-8569-9ec8dc6932b2}"
EndProject
Project("{76d7f491-91b6-41fb-825c-518badf99789}") = "Magnetization", "Magnetization.nfproj", "{e664d1e7-ff65-491c-8f68-c7ac1dc28ee9}"
EndProject
Project("{76d7f491-91b6-41fb-825c-518badf99789}") = "Mass", "Mass.nfproj", "{ac00f772-efae-4b39-a8e7-ae8880e3c7a2}"
EndProject
Project("{76d7f491-91b6-41fb-825c-518badf99789}") = "MassConcentration", "MassConcentration.nfproj", "{550862bb-69c9-430e-83e6-c31cd78abb2f}"
EndProject
Project("{76d7f491-91b6-41fb-825c-518badf99789}") = "MassFlow", "MassFlow.nfproj", "{190a68d9-96ee-4931-a693-821b7ef52e78}"
EndProject
Project("{76d7f491-91b6-41fb-825c-518badf99789}") = "MassFlux", "MassFlux.nfproj", "{d57b63dc-65d3-4896-9341-8a8fce448ba4}"
EndProject
Project("{76d7f491-91b6-41fb-825c-518badf99789}") = "MassFraction", "MassFraction.nfproj", "{86c540d9-3380-429f-9436-a82cda16609c}"
EndProject
Project("{76d7f491-91b6-41fb-825c-518badf99789}") = "MassMomentOfInertia", "MassMomentOfInertia.nfproj", "{fd729464-b968-4c8e-919f-e5007c9ed76a}"
EndProject
Project("{76d7f491-91b6-41fb-825c-518badf99789}") = "MolarEnergy", "MolarEnergy.nfproj", "{03bc8752-59fc-4831-8bd2-161a4738750b}"
EndProject
Project("{76d7f491-91b6-41fb-825c-518badf99789}") = "MolarEntropy", "MolarEntropy.nfproj", "{b3043fb3-097c-46e6-9c4b-e56845115ce3}"
EndProject
Project("{76d7f491-91b6-41fb-825c-518badf99789}") = "Molarity", "Molarity.nfproj", "{addb08bc-890d-469a-80b2-704b0ad857c6}"
EndProject
Project("{76d7f491-91b6-41fb-825c-518badf99789}") = "MolarMass", "MolarMass.nfproj", "{326ee890-416d-4275-99eb-d567e8265d32}"
EndProject
Project("{76d7f491-91b6-41fb-825c-518badf99789}") = "Permeability", "Permeability.nfproj", "{55b8267a-58c3-43b7-95f8-527e949857d5}"
EndProject
Project("{76d7f491-91b6-41fb-825c-518badf99789}") = "Permittivity", "Permittivity.nfproj", "{81f24873-140e-4d46-b4ed-00c117e363da}"
EndProject
Project("{76d7f491-91b6-41fb-825c-518badf99789}") = "PowerDensity", "PowerDensity.nfproj", "{bc152620-9e2e-455c-97ba-c6866e6d3f3e}"
EndProject
Project("{76d7f491-91b6-41fb-825c-518badf99789}") = "PowerRatio", "PowerRatio.nfproj", "{2b0f18d5-c4d8-4e26-826f-42fc67d96140}"
EndProject
Project("{76d7f491-91b6-41fb-825c-518badf99789}") = "Pressure", "Pressure.nfproj", "{974c9a86-ad80-4c4d-9658-af5f2a477a82}"
EndProject
Project("{76d7f491-91b6-41fb-825c-518badf99789}") = "PressureChangeRate", "PressureChangeRate.nfproj", "{7a769b41-f607-4486-bb34-83128a576db2}"
EndProject
Project("{76d7f491-91b6-41fb-825c-518badf99789}") = "Ratio", "Ratio.nfproj", "{0122bf09-1528-449b-a42a-7ea9f7891d16}"
EndProject
Project("{76d7f491-91b6-41fb-825c-518badf99789}") = "RatioChangeRate", "RatioChangeRate.nfproj", "{c351a5d6-5693-4902-a7a4-155f6b835fff}"
EndProject
Project("{76d7f491-91b6-41fb-825c-518badf99789}") = "ReactiveEnergy", "ReactiveEnergy.nfproj", "{f5f5c9b7-29ec-4694-9eb5-a57f6745ee05}"
EndProject
Project("{76d7f491-91b6-41fb-825c-518badf99789}") = "ReactivePower", "ReactivePower.nfproj", "{8bb50b5d-aed1-485b-91d3-93ba4cb3b062}"
EndProject
Project("{76d7f491-91b6-41fb-825c-518badf99789}") = "RotationalAcceleration", "RotationalAcceleration.nfproj", "{92366d08-dee5-470f-af80-dd847f8909fb}"
EndProject
Project("{76d7f491-91b6-41fb-825c-518badf99789}") = "RotationalSpeed", "RotationalSpeed.nfproj", "{9093503b-0d27-49ab-8a1b-030a7b5c5c18}"
EndProject
Project("{76d7f491-91b6-41fb-825c-518badf99789}") = "RotationalStiffness", "RotationalStiffness.nfproj", "{0335a014-f21e-4fdf-ae1b-8be3d414fc32}"
EndProject
Project("{76d7f491-91b6-41fb-825c-518badf99789}") = "RotationalStiffnessPerLength", "RotationalStiffnessPerLength.nfproj", "{f101e9bc-3d36-428e-ab8d-a38f23dd3b58}"
EndProject
Project("{76d7f491-91b6-41fb-825c-518badf99789}") = "SolidAngle", "SolidAngle.nfproj", "{39833453-c281-45a5-9ffb-52f9b786a295}"
EndProject
Project("{76d7f491-91b6-41fb-825c-518badf99789}") = "SpecificEnergy", "SpecificEnergy.nfproj", "{7071ebd6-0a16-4f6e-92b2-6d837178574e}"
EndProject
Project("{76d7f491-91b6-41fb-825c-518badf99789}") = "SpecificEntropy", "SpecificEntropy.nfproj", "{3b261c38-eaf1-416a-9d96-d0ce8e1f974d}"
EndProject
Project("{76d7f491-91b6-41fb-825c-518badf99789}") = "SpecificVolume", "SpecificVolume.nfproj", "{8b184fc7-9c48-4e38-a4ba-6dfe0d2acc31}"
EndProject
Project("{76d7f491-91b6-41fb-825c-518badf99789}") = "SpecificWeight", "SpecificWeight.nfproj", "{cd44de46-7144-4c8d-9c0c-e2f7b487cc38}"
EndProject
Project("{76d7f491-91b6-41fb-825c-518badf99789}") = "Speed", "Speed.nfproj", "{14844acd-140a-4d68-b602-d4bfca8f8d8e}"
EndProject
Project("{76d7f491-91b6-41fb-825c-518badf99789}") = "Temperature", "Temperature.nfproj", "{9390f864-daa4-422e-8b66-20bcec9ac740}"
EndProject
Project("{76d7f491-91b6-41fb-825c-518badf99789}") = "TemperatureChangeRate", "TemperatureChangeRate.nfproj", "{21c5ddd0-a955-41c4-9b9c-564868a4d6b5}"
EndProject
Project("{76d7f491-91b6-41fb-825c-518badf99789}") = "TemperatureDelta", "TemperatureDelta.nfproj", "{ef6430ea-0b85-47e9-9a8d-e269b4a6d5dc}"
EndProject
Project("{76d7f491-91b6-41fb-825c-518badf99789}") = "ThermalConductivity", "ThermalConductivity.nfproj", "{be411159-5268-47b5-b11a-f9c446d98836}"
EndProject
Project("{76d7f491-91b6-41fb-825c-518badf99789}") = "ThermalResistance", "ThermalResistance.nfproj", "{b4b18f55-01e9-45ab-a7bc-a6b6cd182039}"
EndProject
Project("{76d7f491-91b6-41fb-825c-518badf99789}") = "Torque", "Torque.nfproj", "{5e874d64-7ef6-4a0a-8fa9-7329378c76ea}"
EndProject
Project("{76d7f491-91b6-41fb-825c-518badf99789}") = "TorquePerLength", "TorquePerLength.nfproj", "{d801dba9-7fa7-4a66-970e-0c46a9b12728}"
EndProject
Project("{76d7f491-91b6-41fb-825c-518badf99789}") = "VitaminA", "VitaminA.nfproj", "{d7f744a6-3456-4a4e-967b-37b1cd582626}"
EndProject
Project("{76d7f491-91b6-41fb-825c-518badf99789}") = "Volume", "Volume.nfproj", "{e03e3ba1-e10d-46bc-9e44-8844a169aecc}"
EndProject
Project("{76d7f491-91b6-41fb-825c-518badf99789}") = "VolumeConcentration", "VolumeConcentration.nfproj", "{35744f48-f891-4bcf-af37-867de476d0d8}"
EndProject
Project("{76d7f491-91b6-41fb-825c-518badf99789}") = "VolumeFlow", "VolumeFlow.nfproj", "{4261c0dc-b5a7-4ea3-9368-7c036bd6de76}"
EndProject
Project("{76d7f491-91b6-41fb-825c-518badf99789}") = "VolumePerLength", "VolumePerLength.nfproj", "{d124f4c3-0d38-4473-9554-1aa038b38edb}"
EndProject
Global
	GlobalSection(SolutionConfigurationPlatforms) = preSolution
		Debug|Any CPU = Debug|Any CPU
		Release|Any CPU = Release|Any CPU
	EndGlobalSection
	GlobalSection(ProjectConfigurationPlatforms) = postSolution
{e50c72fb-8bd0-420a-bd02-72fb5f25f7dd}.Debug|Any CPU.ActiveCfg = Debug|Any CPU
{e50c72fb-8bd0-420a-bd02-72fb5f25f7dd}.Debug|Any CPU.Build.0 = Debug|Any CPU
{e50c72fb-8bd0-420a-bd02-72fb5f25f7dd}.Debug|Any CPU.Deploy.0 = Debug|Any CPU
{e50c72fb-8bd0-420a-bd02-72fb5f25f7dd}.Release|Any CPU.ActiveCfg = Release|Any CPU
{e50c72fb-8bd0-420a-bd02-72fb5f25f7dd}.Release|Any CPU.Build.0 = Release|Any CPU
{e50c72fb-8bd0-420a-bd02-72fb5f25f7dd}.Release|Any CPU.Deploy.0 = Release|Any CPU
{0c2455a1-aefc-4b3a-b973-b4ddfefda6da}.Debug|Any CPU.ActiveCfg = Debug|Any CPU
{0c2455a1-aefc-4b3a-b973-b4ddfefda6da}.Debug|Any CPU.Build.0 = Debug|Any CPU
{0c2455a1-aefc-4b3a-b973-b4ddfefda6da}.Debug|Any CPU.Deploy.0 = Debug|Any CPU
{0c2455a1-aefc-4b3a-b973-b4ddfefda6da}.Release|Any CPU.ActiveCfg = Release|Any CPU
{0c2455a1-aefc-4b3a-b973-b4ddfefda6da}.Release|Any CPU.Build.0 = Release|Any CPU
{0c2455a1-aefc-4b3a-b973-b4ddfefda6da}.Release|Any CPU.Deploy.0 = Release|Any CPU
{0d0ed6ae-26bb-40f7-a190-2ad678423241}.Debug|Any CPU.ActiveCfg = Debug|Any CPU
{0d0ed6ae-26bb-40f7-a190-2ad678423241}.Debug|Any CPU.Build.0 = Debug|Any CPU
{0d0ed6ae-26bb-40f7-a190-2ad678423241}.Debug|Any CPU.Deploy.0 = Debug|Any CPU
{0d0ed6ae-26bb-40f7-a190-2ad678423241}.Release|Any CPU.ActiveCfg = Release|Any CPU
{0d0ed6ae-26bb-40f7-a190-2ad678423241}.Release|Any CPU.Build.0 = Release|Any CPU
{0d0ed6ae-26bb-40f7-a190-2ad678423241}.Release|Any CPU.Deploy.0 = Release|Any CPU
{54f99c1c-785d-4cc9-aaa9-fc3f71a84447}.Debug|Any CPU.ActiveCfg = Debug|Any CPU
{54f99c1c-785d-4cc9-aaa9-fc3f71a84447}.Debug|Any CPU.Build.0 = Debug|Any CPU
{54f99c1c-785d-4cc9-aaa9-fc3f71a84447}.Debug|Any CPU.Deploy.0 = Debug|Any CPU
{54f99c1c-785d-4cc9-aaa9-fc3f71a84447}.Release|Any CPU.ActiveCfg = Release|Any CPU
{54f99c1c-785d-4cc9-aaa9-fc3f71a84447}.Release|Any CPU.Build.0 = Release|Any CPU
{54f99c1c-785d-4cc9-aaa9-fc3f71a84447}.Release|Any CPU.Deploy.0 = Release|Any CPU
{4d26531f-94b6-42cf-83f1-9ca1df307c41}.Debug|Any CPU.ActiveCfg = Debug|Any CPU
{4d26531f-94b6-42cf-83f1-9ca1df307c41}.Debug|Any CPU.Build.0 = Debug|Any CPU
{4d26531f-94b6-42cf-83f1-9ca1df307c41}.Debug|Any CPU.Deploy.0 = Debug|Any CPU
{4d26531f-94b6-42cf-83f1-9ca1df307c41}.Release|Any CPU.ActiveCfg = Release|Any CPU
{4d26531f-94b6-42cf-83f1-9ca1df307c41}.Release|Any CPU.Build.0 = Release|Any CPU
{4d26531f-94b6-42cf-83f1-9ca1df307c41}.Release|Any CPU.Deploy.0 = Release|Any CPU
{6ea92970-5ae5-4cd9-a528-e80b535c3c97}.Debug|Any CPU.ActiveCfg = Debug|Any CPU
{6ea92970-5ae5-4cd9-a528-e80b535c3c97}.Debug|Any CPU.Build.0 = Debug|Any CPU
{6ea92970-5ae5-4cd9-a528-e80b535c3c97}.Debug|Any CPU.Deploy.0 = Debug|Any CPU
{6ea92970-5ae5-4cd9-a528-e80b535c3c97}.Release|Any CPU.ActiveCfg = Release|Any CPU
{6ea92970-5ae5-4cd9-a528-e80b535c3c97}.Release|Any CPU.Build.0 = Release|Any CPU
{6ea92970-5ae5-4cd9-a528-e80b535c3c97}.Release|Any CPU.Deploy.0 = Release|Any CPU
{5c26a80d-3905-4c83-9915-790c9b4033a1}.Debug|Any CPU.ActiveCfg = Debug|Any CPU
{5c26a80d-3905-4c83-9915-790c9b4033a1}.Debug|Any CPU.Build.0 = Debug|Any CPU
{5c26a80d-3905-4c83-9915-790c9b4033a1}.Debug|Any CPU.Deploy.0 = Debug|Any CPU
{5c26a80d-3905-4c83-9915-790c9b4033a1}.Release|Any CPU.ActiveCfg = Release|Any CPU
{5c26a80d-3905-4c83-9915-790c9b4033a1}.Release|Any CPU.Build.0 = Release|Any CPU
{5c26a80d-3905-4c83-9915-790c9b4033a1}.Release|Any CPU.Deploy.0 = Release|Any CPU
{182599b0-f904-4813-bb79-85db3d11ff33}.Debug|Any CPU.ActiveCfg = Debug|Any CPU
{182599b0-f904-4813-bb79-85db3d11ff33}.Debug|Any CPU.Build.0 = Debug|Any CPU
{182599b0-f904-4813-bb79-85db3d11ff33}.Debug|Any CPU.Deploy.0 = Debug|Any CPU
{182599b0-f904-4813-bb79-85db3d11ff33}.Release|Any CPU.ActiveCfg = Release|Any CPU
{182599b0-f904-4813-bb79-85db3d11ff33}.Release|Any CPU.Build.0 = Release|Any CPU
{182599b0-f904-4813-bb79-85db3d11ff33}.Release|Any CPU.Deploy.0 = Release|Any CPU
{690ae16f-bb51-4d1c-ba32-84b0f3585d29}.Debug|Any CPU.ActiveCfg = Debug|Any CPU
{690ae16f-bb51-4d1c-ba32-84b0f3585d29}.Debug|Any CPU.Build.0 = Debug|Any CPU
{690ae16f-bb51-4d1c-ba32-84b0f3585d29}.Debug|Any CPU.Deploy.0 = Debug|Any CPU
{690ae16f-bb51-4d1c-ba32-84b0f3585d29}.Release|Any CPU.ActiveCfg = Release|Any CPU
{690ae16f-bb51-4d1c-ba32-84b0f3585d29}.Release|Any CPU.Build.0 = Release|Any CPU
{690ae16f-bb51-4d1c-ba32-84b0f3585d29}.Release|Any CPU.Deploy.0 = Release|Any CPU
{c688f254-77f3-407a-9c89-75a4ca4ceaf5}.Debug|Any CPU.ActiveCfg = Debug|Any CPU
{c688f254-77f3-407a-9c89-75a4ca4ceaf5}.Debug|Any CPU.Build.0 = Debug|Any CPU
{c688f254-77f3-407a-9c89-75a4ca4ceaf5}.Debug|Any CPU.Deploy.0 = Debug|Any CPU
{c688f254-77f3-407a-9c89-75a4ca4ceaf5}.Release|Any CPU.ActiveCfg = Release|Any CPU
{c688f254-77f3-407a-9c89-75a4ca4ceaf5}.Release|Any CPU.Build.0 = Release|Any CPU
{c688f254-77f3-407a-9c89-75a4ca4ceaf5}.Release|Any CPU.Deploy.0 = Release|Any CPU
{67366b0c-3993-4e1e-9de6-fd09b0a42679}.Debug|Any CPU.ActiveCfg = Debug|Any CPU
{67366b0c-3993-4e1e-9de6-fd09b0a42679}.Debug|Any CPU.Build.0 = Debug|Any CPU
{67366b0c-3993-4e1e-9de6-fd09b0a42679}.Debug|Any CPU.Deploy.0 = Debug|Any CPU
{67366b0c-3993-4e1e-9de6-fd09b0a42679}.Release|Any CPU.ActiveCfg = Release|Any CPU
{67366b0c-3993-4e1e-9de6-fd09b0a42679}.Release|Any CPU.Build.0 = Release|Any CPU
{67366b0c-3993-4e1e-9de6-fd09b0a42679}.Release|Any CPU.Deploy.0 = Release|Any CPU
{e8dc4fe6-2ba0-4ed8-abfa-d216cc5dd4dc}.Debug|Any CPU.ActiveCfg = Debug|Any CPU
{e8dc4fe6-2ba0-4ed8-abfa-d216cc5dd4dc}.Debug|Any CPU.Build.0 = Debug|Any CPU
{e8dc4fe6-2ba0-4ed8-abfa-d216cc5dd4dc}.Debug|Any CPU.Deploy.0 = Debug|Any CPU
{e8dc4fe6-2ba0-4ed8-abfa-d216cc5dd4dc}.Release|Any CPU.ActiveCfg = Release|Any CPU
{e8dc4fe6-2ba0-4ed8-abfa-d216cc5dd4dc}.Release|Any CPU.Build.0 = Release|Any CPU
{e8dc4fe6-2ba0-4ed8-abfa-d216cc5dd4dc}.Release|Any CPU.Deploy.0 = Release|Any CPU
{ed7ee57b-6e5b-4fdb-b2ee-0a8b79f4c1c7}.Debug|Any CPU.ActiveCfg = Debug|Any CPU
{ed7ee57b-6e5b-4fdb-b2ee-0a8b79f4c1c7}.Debug|Any CPU.Build.0 = Debug|Any CPU
{ed7ee57b-6e5b-4fdb-b2ee-0a8b79f4c1c7}.Debug|Any CPU.Deploy.0 = Debug|Any CPU
{ed7ee57b-6e5b-4fdb-b2ee-0a8b79f4c1c7}.Release|Any CPU.ActiveCfg = Release|Any CPU
{ed7ee57b-6e5b-4fdb-b2ee-0a8b79f4c1c7}.Release|Any CPU.Build.0 = Release|Any CPU
{ed7ee57b-6e5b-4fdb-b2ee-0a8b79f4c1c7}.Release|Any CPU.Deploy.0 = Release|Any CPU
{5c48f0a3-2e8f-4c2b-b64b-b75ecaf1b611}.Debug|Any CPU.ActiveCfg = Debug|Any CPU
{5c48f0a3-2e8f-4c2b-b64b-b75ecaf1b611}.Debug|Any CPU.Build.0 = Debug|Any CPU
{5c48f0a3-2e8f-4c2b-b64b-b75ecaf1b611}.Debug|Any CPU.Deploy.0 = Debug|Any CPU
{5c48f0a3-2e8f-4c2b-b64b-b75ecaf1b611}.Release|Any CPU.ActiveCfg = Release|Any CPU
{5c48f0a3-2e8f-4c2b-b64b-b75ecaf1b611}.Release|Any CPU.Build.0 = Release|Any CPU
{5c48f0a3-2e8f-4c2b-b64b-b75ecaf1b611}.Release|Any CPU.Deploy.0 = Release|Any CPU
{b2cb83b2-61f9-4c06-ba30-92b94f611b84}.Debug|Any CPU.ActiveCfg = Debug|Any CPU
{b2cb83b2-61f9-4c06-ba30-92b94f611b84}.Debug|Any CPU.Build.0 = Debug|Any CPU
{b2cb83b2-61f9-4c06-ba30-92b94f611b84}.Debug|Any CPU.Deploy.0 = Debug|Any CPU
{b2cb83b2-61f9-4c06-ba30-92b94f611b84}.Release|Any CPU.ActiveCfg = Release|Any CPU
{b2cb83b2-61f9-4c06-ba30-92b94f611b84}.Release|Any CPU.Build.0 = Release|Any CPU
{b2cb83b2-61f9-4c06-ba30-92b94f611b84}.Release|Any CPU.Deploy.0 = Release|Any CPU
{3f3bf1ea-9b9f-4fff-8fdd-15c4af2eb656}.Debug|Any CPU.ActiveCfg = Debug|Any CPU
{3f3bf1ea-9b9f-4fff-8fdd-15c4af2eb656}.Debug|Any CPU.Build.0 = Debug|Any CPU
{3f3bf1ea-9b9f-4fff-8fdd-15c4af2eb656}.Debug|Any CPU.Deploy.0 = Debug|Any CPU
{3f3bf1ea-9b9f-4fff-8fdd-15c4af2eb656}.Release|Any CPU.ActiveCfg = Release|Any CPU
{3f3bf1ea-9b9f-4fff-8fdd-15c4af2eb656}.Release|Any CPU.Build.0 = Release|Any CPU
{3f3bf1ea-9b9f-4fff-8fdd-15c4af2eb656}.Release|Any CPU.Deploy.0 = Release|Any CPU
{a6ee482f-f0a0-4939-a594-e763dbd6a37c}.Debug|Any CPU.ActiveCfg = Debug|Any CPU
{a6ee482f-f0a0-4939-a594-e763dbd6a37c}.Debug|Any CPU.Build.0 = Debug|Any CPU
{a6ee482f-f0a0-4939-a594-e763dbd6a37c}.Debug|Any CPU.Deploy.0 = Debug|Any CPU
{a6ee482f-f0a0-4939-a594-e763dbd6a37c}.Release|Any CPU.ActiveCfg = Release|Any CPU
{a6ee482f-f0a0-4939-a594-e763dbd6a37c}.Release|Any CPU.Build.0 = Release|Any CPU
{a6ee482f-f0a0-4939-a594-e763dbd6a37c}.Release|Any CPU.Deploy.0 = Release|Any CPU
{f6ae1055-3869-4912-bb32-5354752f08c3}.Debug|Any CPU.ActiveCfg = Debug|Any CPU
{f6ae1055-3869-4912-bb32-5354752f08c3}.Debug|Any CPU.Build.0 = Debug|Any CPU
{f6ae1055-3869-4912-bb32-5354752f08c3}.Debug|Any CPU.Deploy.0 = Debug|Any CPU
{f6ae1055-3869-4912-bb32-5354752f08c3}.Release|Any CPU.ActiveCfg = Release|Any CPU
{f6ae1055-3869-4912-bb32-5354752f08c3}.Release|Any CPU.Build.0 = Release|Any CPU
{f6ae1055-3869-4912-bb32-5354752f08c3}.Release|Any CPU.Deploy.0 = Release|Any CPU
{e86589b9-cd62-4b93-99cf-52d335103c85}.Debug|Any CPU.ActiveCfg = Debug|Any CPU
{e86589b9-cd62-4b93-99cf-52d335103c85}.Debug|Any CPU.Build.0 = Debug|Any CPU
{e86589b9-cd62-4b93-99cf-52d335103c85}.Debug|Any CPU.Deploy.0 = Debug|Any CPU
{e86589b9-cd62-4b93-99cf-52d335103c85}.Release|Any CPU.ActiveCfg = Release|Any CPU
{e86589b9-cd62-4b93-99cf-52d335103c85}.Release|Any CPU.Build.0 = Release|Any CPU
{e86589b9-cd62-4b93-99cf-52d335103c85}.Release|Any CPU.Deploy.0 = Release|Any CPU
{18912246-e885-407a-9e17-41bc124c23ef}.Debug|Any CPU.ActiveCfg = Debug|Any CPU
{18912246-e885-407a-9e17-41bc124c23ef}.Debug|Any CPU.Build.0 = Debug|Any CPU
{18912246-e885-407a-9e17-41bc124c23ef}.Debug|Any CPU.Deploy.0 = Debug|Any CPU
{18912246-e885-407a-9e17-41bc124c23ef}.Release|Any CPU.ActiveCfg = Release|Any CPU
{18912246-e885-407a-9e17-41bc124c23ef}.Release|Any CPU.Build.0 = Release|Any CPU
{18912246-e885-407a-9e17-41bc124c23ef}.Release|Any CPU.Deploy.0 = Release|Any CPU
{ea7b1180-36e8-40d0-885e-6b521508c71d}.Debug|Any CPU.ActiveCfg = Debug|Any CPU
{ea7b1180-36e8-40d0-885e-6b521508c71d}.Debug|Any CPU.Build.0 = Debug|Any CPU
{ea7b1180-36e8-40d0-885e-6b521508c71d}.Debug|Any CPU.Deploy.0 = Debug|Any CPU
{ea7b1180-36e8-40d0-885e-6b521508c71d}.Release|Any CPU.ActiveCfg = Release|Any CPU
{ea7b1180-36e8-40d0-885e-6b521508c71d}.Release|Any CPU.Build.0 = Release|Any CPU
{ea7b1180-36e8-40d0-885e-6b521508c71d}.Release|Any CPU.Deploy.0 = Release|Any CPU
{bd2f0239-e883-4aa7-beb3-14b34cb2029c}.Debug|Any CPU.ActiveCfg = Debug|Any CPU
{bd2f0239-e883-4aa7-beb3-14b34cb2029c}.Debug|Any CPU.Build.0 = Debug|Any CPU
{bd2f0239-e883-4aa7-beb3-14b34cb2029c}.Debug|Any CPU.Deploy.0 = Debug|Any CPU
{bd2f0239-e883-4aa7-beb3-14b34cb2029c}.Release|Any CPU.ActiveCfg = Release|Any CPU
{bd2f0239-e883-4aa7-beb3-14b34cb2029c}.Release|Any CPU.Build.0 = Release|Any CPU
{bd2f0239-e883-4aa7-beb3-14b34cb2029c}.Release|Any CPU.Deploy.0 = Release|Any CPU
{a8a04341-182e-4d7d-ab47-00473ea70b27}.Debug|Any CPU.ActiveCfg = Debug|Any CPU
{a8a04341-182e-4d7d-ab47-00473ea70b27}.Debug|Any CPU.Build.0 = Debug|Any CPU
{a8a04341-182e-4d7d-ab47-00473ea70b27}.Debug|Any CPU.Deploy.0 = Debug|Any CPU
{a8a04341-182e-4d7d-ab47-00473ea70b27}.Release|Any CPU.ActiveCfg = Release|Any CPU
{a8a04341-182e-4d7d-ab47-00473ea70b27}.Release|Any CPU.Build.0 = Release|Any CPU
{a8a04341-182e-4d7d-ab47-00473ea70b27}.Release|Any CPU.Deploy.0 = Release|Any CPU
{fd41ffc6-2be0-4a99-8e06-f4e8de7e9557}.Debug|Any CPU.ActiveCfg = Debug|Any CPU
{fd41ffc6-2be0-4a99-8e06-f4e8de7e9557}.Debug|Any CPU.Build.0 = Debug|Any CPU
{fd41ffc6-2be0-4a99-8e06-f4e8de7e9557}.Debug|Any CPU.Deploy.0 = Debug|Any CPU
{fd41ffc6-2be0-4a99-8e06-f4e8de7e9557}.Release|Any CPU.ActiveCfg = Release|Any CPU
{fd41ffc6-2be0-4a99-8e06-f4e8de7e9557}.Release|Any CPU.Build.0 = Release|Any CPU
{fd41ffc6-2be0-4a99-8e06-f4e8de7e9557}.Release|Any CPU.Deploy.0 = Release|Any CPU
{e01ed4e7-e253-43f6-a096-5cb3a86b5aec}.Debug|Any CPU.ActiveCfg = Debug|Any CPU
{e01ed4e7-e253-43f6-a096-5cb3a86b5aec}.Debug|Any CPU.Build.0 = Debug|Any CPU
{e01ed4e7-e253-43f6-a096-5cb3a86b5aec}.Debug|Any CPU.Deploy.0 = Debug|Any CPU
{e01ed4e7-e253-43f6-a096-5cb3a86b5aec}.Release|Any CPU.ActiveCfg = Release|Any CPU
{e01ed4e7-e253-43f6-a096-5cb3a86b5aec}.Release|Any CPU.Build.0 = Release|Any CPU
{e01ed4e7-e253-43f6-a096-5cb3a86b5aec}.Release|Any CPU.Deploy.0 = Release|Any CPU
{6ed8f345-2528-403c-ab1c-fd001752270d}.Debug|Any CPU.ActiveCfg = Debug|Any CPU
{6ed8f345-2528-403c-ab1c-fd001752270d}.Debug|Any CPU.Build.0 = Debug|Any CPU
{6ed8f345-2528-403c-ab1c-fd001752270d}.Debug|Any CPU.Deploy.0 = Debug|Any CPU
{6ed8f345-2528-403c-ab1c-fd001752270d}.Release|Any CPU.ActiveCfg = Release|Any CPU
{6ed8f345-2528-403c-ab1c-fd001752270d}.Release|Any CPU.Build.0 = Release|Any CPU
{6ed8f345-2528-403c-ab1c-fd001752270d}.Release|Any CPU.Deploy.0 = Release|Any CPU
{7ef16fca-4bf5-4961-83ca-df515cde8dd5}.Debug|Any CPU.ActiveCfg = Debug|Any CPU
{7ef16fca-4bf5-4961-83ca-df515cde8dd5}.Debug|Any CPU.Build.0 = Debug|Any CPU
{7ef16fca-4bf5-4961-83ca-df515cde8dd5}.Debug|Any CPU.Deploy.0 = Debug|Any CPU
{7ef16fca-4bf5-4961-83ca-df515cde8dd5}.Release|Any CPU.ActiveCfg = Release|Any CPU
{7ef16fca-4bf5-4961-83ca-df515cde8dd5}.Release|Any CPU.Build.0 = Release|Any CPU
{7ef16fca-4bf5-4961-83ca-df515cde8dd5}.Release|Any CPU.Deploy.0 = Release|Any CPU
{9d06ce67-2e5b-4a25-a1b2-5c45645f307b}.Debug|Any CPU.ActiveCfg = Debug|Any CPU
{9d06ce67-2e5b-4a25-a1b2-5c45645f307b}.Debug|Any CPU.Build.0 = Debug|Any CPU
{9d06ce67-2e5b-4a25-a1b2-5c45645f307b}.Debug|Any CPU.Deploy.0 = Debug|Any CPU
{9d06ce67-2e5b-4a25-a1b2-5c45645f307b}.Release|Any CPU.ActiveCfg = Release|Any CPU
{9d06ce67-2e5b-4a25-a1b2-5c45645f307b}.Release|Any CPU.Build.0 = Release|Any CPU
{9d06ce67-2e5b-4a25-a1b2-5c45645f307b}.Release|Any CPU.Deploy.0 = Release|Any CPU
{b0bb7156-48ab-4d7c-86b5-3f27800a4032}.Debug|Any CPU.ActiveCfg = Debug|Any CPU
{b0bb7156-48ab-4d7c-86b5-3f27800a4032}.Debug|Any CPU.Build.0 = Debug|Any CPU
{b0bb7156-48ab-4d7c-86b5-3f27800a4032}.Debug|Any CPU.Deploy.0 = Debug|Any CPU
{b0bb7156-48ab-4d7c-86b5-3f27800a4032}.Release|Any CPU.ActiveCfg = Release|Any CPU
{b0bb7156-48ab-4d7c-86b5-3f27800a4032}.Release|Any CPU.Build.0 = Release|Any CPU
{b0bb7156-48ab-4d7c-86b5-3f27800a4032}.Release|Any CPU.Deploy.0 = Release|Any CPU
{87341f43-2664-4239-b049-6255e1f39fe4}.Debug|Any CPU.ActiveCfg = Debug|Any CPU
{87341f43-2664-4239-b049-6255e1f39fe4}.Debug|Any CPU.Build.0 = Debug|Any CPU
{87341f43-2664-4239-b049-6255e1f39fe4}.Debug|Any CPU.Deploy.0 = Debug|Any CPU
{87341f43-2664-4239-b049-6255e1f39fe4}.Release|Any CPU.ActiveCfg = Release|Any CPU
{87341f43-2664-4239-b049-6255e1f39fe4}.Release|Any CPU.Build.0 = Release|Any CPU
{87341f43-2664-4239-b049-6255e1f39fe4}.Release|Any CPU.Deploy.0 = Release|Any CPU
{bdf10013-d655-4291-9291-b4d27a07c71d}.Debug|Any CPU.ActiveCfg = Debug|Any CPU
{bdf10013-d655-4291-9291-b4d27a07c71d}.Debug|Any CPU.Build.0 = Debug|Any CPU
{bdf10013-d655-4291-9291-b4d27a07c71d}.Debug|Any CPU.Deploy.0 = Debug|Any CPU
{bdf10013-d655-4291-9291-b4d27a07c71d}.Release|Any CPU.ActiveCfg = Release|Any CPU
{bdf10013-d655-4291-9291-b4d27a07c71d}.Release|Any CPU.Build.0 = Release|Any CPU
{bdf10013-d655-4291-9291-b4d27a07c71d}.Release|Any CPU.Deploy.0 = Release|Any CPU
{698d4c70-1d42-4a65-8c18-ee76f9411842}.Debug|Any CPU.ActiveCfg = Debug|Any CPU
{698d4c70-1d42-4a65-8c18-ee76f9411842}.Debug|Any CPU.Build.0 = Debug|Any CPU
{698d4c70-1d42-4a65-8c18-ee76f9411842}.Debug|Any CPU.Deploy.0 = Debug|Any CPU
{698d4c70-1d42-4a65-8c18-ee76f9411842}.Release|Any CPU.ActiveCfg = Release|Any CPU
{698d4c70-1d42-4a65-8c18-ee76f9411842}.Release|Any CPU.Build.0 = Release|Any CPU
{698d4c70-1d42-4a65-8c18-ee76f9411842}.Release|Any CPU.Deploy.0 = Release|Any CPU
{409c18e4-fca9-4ddc-a89f-84a80f52e745}.Debug|Any CPU.ActiveCfg = Debug|Any CPU
{409c18e4-fca9-4ddc-a89f-84a80f52e745}.Debug|Any CPU.Build.0 = Debug|Any CPU
{409c18e4-fca9-4ddc-a89f-84a80f52e745}.Debug|Any CPU.Deploy.0 = Debug|Any CPU
{409c18e4-fca9-4ddc-a89f-84a80f52e745}.Release|Any CPU.ActiveCfg = Release|Any CPU
{409c18e4-fca9-4ddc-a89f-84a80f52e745}.Release|Any CPU.Build.0 = Release|Any CPU
{409c18e4-fca9-4ddc-a89f-84a80f52e745}.Release|Any CPU.Deploy.0 = Release|Any CPU
{a27ba4eb-704c-4883-b1c3-99e635fa2e93}.Debug|Any CPU.ActiveCfg = Debug|Any CPU
{a27ba4eb-704c-4883-b1c3-99e635fa2e93}.Debug|Any CPU.Build.0 = Debug|Any CPU
{a27ba4eb-704c-4883-b1c3-99e635fa2e93}.Debug|Any CPU.Deploy.0 = Debug|Any CPU
{a27ba4eb-704c-4883-b1c3-99e635fa2e93}.Release|Any CPU.ActiveCfg = Release|Any CPU
{a27ba4eb-704c-4883-b1c3-99e635fa2e93}.Release|Any CPU.Build.0 = Release|Any CPU
{a27ba4eb-704c-4883-b1c3-99e635fa2e93}.Release|Any CPU.Deploy.0 = Release|Any CPU
{2736c816-90d8-44d4-ab9a-f152e7c18dec}.Debug|Any CPU.ActiveCfg = Debug|Any CPU
{2736c816-90d8-44d4-ab9a-f152e7c18dec}.Debug|Any CPU.Build.0 = Debug|Any CPU
{2736c816-90d8-44d4-ab9a-f152e7c18dec}.Debug|Any CPU.Deploy.0 = Debug|Any CPU
{2736c816-90d8-44d4-ab9a-f152e7c18dec}.Release|Any CPU.ActiveCfg = Release|Any CPU
{2736c816-90d8-44d4-ab9a-f152e7c18dec}.Release|Any CPU.Build.0 = Release|Any CPU
{2736c816-90d8-44d4-ab9a-f152e7c18dec}.Release|Any CPU.Deploy.0 = Release|Any CPU
{e6900fd9-02f8-4830-b2ac-27c2ee14a84a}.Debug|Any CPU.ActiveCfg = Debug|Any CPU
{e6900fd9-02f8-4830-b2ac-27c2ee14a84a}.Debug|Any CPU.Build.0 = Debug|Any CPU
{e6900fd9-02f8-4830-b2ac-27c2ee14a84a}.Debug|Any CPU.Deploy.0 = Debug|Any CPU
{e6900fd9-02f8-4830-b2ac-27c2ee14a84a}.Release|Any CPU.ActiveCfg = Release|Any CPU
{e6900fd9-02f8-4830-b2ac-27c2ee14a84a}.Release|Any CPU.Build.0 = Release|Any CPU
{e6900fd9-02f8-4830-b2ac-27c2ee14a84a}.Release|Any CPU.Deploy.0 = Release|Any CPU
{851aa391-cc1a-4fd0-8ded-156f1ba5ee73}.Debug|Any CPU.ActiveCfg = Debug|Any CPU
{851aa391-cc1a-4fd0-8ded-156f1ba5ee73}.Debug|Any CPU.Build.0 = Debug|Any CPU
{851aa391-cc1a-4fd0-8ded-156f1ba5ee73}.Debug|Any CPU.Deploy.0 = Debug|Any CPU
{851aa391-cc1a-4fd0-8ded-156f1ba5ee73}.Release|Any CPU.ActiveCfg = Release|Any CPU
{851aa391-cc1a-4fd0-8ded-156f1ba5ee73}.Release|Any CPU.Build.0 = Release|Any CPU
{851aa391-cc1a-4fd0-8ded-156f1ba5ee73}.Release|Any CPU.Deploy.0 = Release|Any CPU
{9ac15e08-e9c5-48ee-b656-b7d1a0760168}.Debug|Any CPU.ActiveCfg = Debug|Any CPU
{9ac15e08-e9c5-48ee-b656-b7d1a0760168}.Debug|Any CPU.Build.0 = Debug|Any CPU
{9ac15e08-e9c5-48ee-b656-b7d1a0760168}.Debug|Any CPU.Deploy.0 = Debug|Any CPU
{9ac15e08-e9c5-48ee-b656-b7d1a0760168}.Release|Any CPU.ActiveCfg = Release|Any CPU
{9ac15e08-e9c5-48ee-b656-b7d1a0760168}.Release|Any CPU.Build.0 = Release|Any CPU
{9ac15e08-e9c5-48ee-b656-b7d1a0760168}.Release|Any CPU.Deploy.0 = Release|Any CPU
{a22c8f37-cb7e-4ff8-9575-4b0f5783cf41}.Debug|Any CPU.ActiveCfg = Debug|Any CPU
{a22c8f37-cb7e-4ff8-9575-4b0f5783cf41}.Debug|Any CPU.Build.0 = Debug|Any CPU
{a22c8f37-cb7e-4ff8-9575-4b0f5783cf41}.Debug|Any CPU.Deploy.0 = Debug|Any CPU
{a22c8f37-cb7e-4ff8-9575-4b0f5783cf41}.Release|Any CPU.ActiveCfg = Release|Any CPU
{a22c8f37-cb7e-4ff8-9575-4b0f5783cf41}.Release|Any CPU.Build.0 = Release|Any CPU
{a22c8f37-cb7e-4ff8-9575-4b0f5783cf41}.Release|Any CPU.Deploy.0 = Release|Any CPU
{2fc86bfd-436a-4f41-9325-16d0d1f31bc9}.Debug|Any CPU.ActiveCfg = Debug|Any CPU
{2fc86bfd-436a-4f41-9325-16d0d1f31bc9}.Debug|Any CPU.Build.0 = Debug|Any CPU
{2fc86bfd-436a-4f41-9325-16d0d1f31bc9}.Debug|Any CPU.Deploy.0 = Debug|Any CPU
{2fc86bfd-436a-4f41-9325-16d0d1f31bc9}.Release|Any CPU.ActiveCfg = Release|Any CPU
{2fc86bfd-436a-4f41-9325-16d0d1f31bc9}.Release|Any CPU.Build.0 = Release|Any CPU
{2fc86bfd-436a-4f41-9325-16d0d1f31bc9}.Release|Any CPU.Deploy.0 = Release|Any CPU
{4d391637-f102-4741-b433-4efc5401deb3}.Debug|Any CPU.ActiveCfg = Debug|Any CPU
{4d391637-f102-4741-b433-4efc5401deb3}.Debug|Any CPU.Build.0 = Debug|Any CPU
{4d391637-f102-4741-b433-4efc5401deb3}.Debug|Any CPU.Deploy.0 = Debug|Any CPU
{4d391637-f102-4741-b433-4efc5401deb3}.Release|Any CPU.ActiveCfg = Release|Any CPU
{4d391637-f102-4741-b433-4efc5401deb3}.Release|Any CPU.Build.0 = Release|Any CPU
{4d391637-f102-4741-b433-4efc5401deb3}.Release|Any CPU.Deploy.0 = Release|Any CPU
{06b9064a-a392-47f3-aeb6-abc6bdb55222}.Debug|Any CPU.ActiveCfg = Debug|Any CPU
{06b9064a-a392-47f3-aeb6-abc6bdb55222}.Debug|Any CPU.Build.0 = Debug|Any CPU
{06b9064a-a392-47f3-aeb6-abc6bdb55222}.Debug|Any CPU.Deploy.0 = Debug|Any CPU
{06b9064a-a392-47f3-aeb6-abc6bdb55222}.Release|Any CPU.ActiveCfg = Release|Any CPU
{06b9064a-a392-47f3-aeb6-abc6bdb55222}.Release|Any CPU.Build.0 = Release|Any CPU
{06b9064a-a392-47f3-aeb6-abc6bdb55222}.Release|Any CPU.Deploy.0 = Release|Any CPU
{07772b83-4a74-4136-98d5-583e393cbd6d}.Debug|Any CPU.ActiveCfg = Debug|Any CPU
{07772b83-4a74-4136-98d5-583e393cbd6d}.Debug|Any CPU.Build.0 = Debug|Any CPU
{07772b83-4a74-4136-98d5-583e393cbd6d}.Debug|Any CPU.Deploy.0 = Debug|Any CPU
{07772b83-4a74-4136-98d5-583e393cbd6d}.Release|Any CPU.ActiveCfg = Release|Any CPU
{07772b83-4a74-4136-98d5-583e393cbd6d}.Release|Any CPU.Build.0 = Release|Any CPU
{07772b83-4a74-4136-98d5-583e393cbd6d}.Release|Any CPU.Deploy.0 = Release|Any CPU
{72e89e95-2671-4ab2-bd0d-751aa1d70d1d}.Debug|Any CPU.ActiveCfg = Debug|Any CPU
{72e89e95-2671-4ab2-bd0d-751aa1d70d1d}.Debug|Any CPU.Build.0 = Debug|Any CPU
{72e89e95-2671-4ab2-bd0d-751aa1d70d1d}.Debug|Any CPU.Deploy.0 = Debug|Any CPU
{72e89e95-2671-4ab2-bd0d-751aa1d70d1d}.Release|Any CPU.ActiveCfg = Release|Any CPU
{72e89e95-2671-4ab2-bd0d-751aa1d70d1d}.Release|Any CPU.Build.0 = Release|Any CPU
{72e89e95-2671-4ab2-bd0d-751aa1d70d1d}.Release|Any CPU.Deploy.0 = Release|Any CPU
{d465c315-4461-4432-96db-5a162aff4e68}.Debug|Any CPU.ActiveCfg = Debug|Any CPU
{d465c315-4461-4432-96db-5a162aff4e68}.Debug|Any CPU.Build.0 = Debug|Any CPU
{d465c315-4461-4432-96db-5a162aff4e68}.Debug|Any CPU.Deploy.0 = Debug|Any CPU
{d465c315-4461-4432-96db-5a162aff4e68}.Release|Any CPU.ActiveCfg = Release|Any CPU
{d465c315-4461-4432-96db-5a162aff4e68}.Release|Any CPU.Build.0 = Release|Any CPU
{d465c315-4461-4432-96db-5a162aff4e68}.Release|Any CPU.Deploy.0 = Release|Any CPU
{01a3988f-bd7e-482c-93b1-48cac54c11f6}.Debug|Any CPU.ActiveCfg = Debug|Any CPU
{01a3988f-bd7e-482c-93b1-48cac54c11f6}.Debug|Any CPU.Build.0 = Debug|Any CPU
{01a3988f-bd7e-482c-93b1-48cac54c11f6}.Debug|Any CPU.Deploy.0 = Debug|Any CPU
{01a3988f-bd7e-482c-93b1-48cac54c11f6}.Release|Any CPU.ActiveCfg = Release|Any CPU
{01a3988f-bd7e-482c-93b1-48cac54c11f6}.Release|Any CPU.Build.0 = Release|Any CPU
{01a3988f-bd7e-482c-93b1-48cac54c11f6}.Release|Any CPU.Deploy.0 = Release|Any CPU
{d0ec84c5-0db5-4650-936d-c85d225e6744}.Debug|Any CPU.ActiveCfg = Debug|Any CPU
{d0ec84c5-0db5-4650-936d-c85d225e6744}.Debug|Any CPU.Build.0 = Debug|Any CPU
{d0ec84c5-0db5-4650-936d-c85d225e6744}.Debug|Any CPU.Deploy.0 = Debug|Any CPU
{d0ec84c5-0db5-4650-936d-c85d225e6744}.Release|Any CPU.ActiveCfg = Release|Any CPU
{d0ec84c5-0db5-4650-936d-c85d225e6744}.Release|Any CPU.Build.0 = Release|Any CPU
{d0ec84c5-0db5-4650-936d-c85d225e6744}.Release|Any CPU.Deploy.0 = Release|Any CPU
{d8be4ada-2891-4454-860d-0104f1988d3a}.Debug|Any CPU.ActiveCfg = Debug|Any CPU
{d8be4ada-2891-4454-860d-0104f1988d3a}.Debug|Any CPU.Build.0 = Debug|Any CPU
{d8be4ada-2891-4454-860d-0104f1988d3a}.Debug|Any CPU.Deploy.0 = Debug|Any CPU
{d8be4ada-2891-4454-860d-0104f1988d3a}.Release|Any CPU.ActiveCfg = Release|Any CPU
{d8be4ada-2891-4454-860d-0104f1988d3a}.Release|Any CPU.Build.0 = Release|Any CPU
{d8be4ada-2891-4454-860d-0104f1988d3a}.Release|Any CPU.Deploy.0 = Release|Any CPU
{f6fc3196-0c0e-4014-9abb-fb019dc085b8}.Debug|Any CPU.ActiveCfg = Debug|Any CPU
{f6fc3196-0c0e-4014-9abb-fb019dc085b8}.Debug|Any CPU.Build.0 = Debug|Any CPU
{f6fc3196-0c0e-4014-9abb-fb019dc085b8}.Debug|Any CPU.Deploy.0 = Debug|Any CPU
{f6fc3196-0c0e-4014-9abb-fb019dc085b8}.Release|Any CPU.ActiveCfg = Release|Any CPU
{f6fc3196-0c0e-4014-9abb-fb019dc085b8}.Release|Any CPU.Build.0 = Release|Any CPU
{f6fc3196-0c0e-4014-9abb-fb019dc085b8}.Release|Any CPU.Deploy.0 = Release|Any CPU
{2c04214a-e25c-406e-b96b-eb0e76da35ce}.Debug|Any CPU.ActiveCfg = Debug|Any CPU
{2c04214a-e25c-406e-b96b-eb0e76da35ce}.Debug|Any CPU.Build.0 = Debug|Any CPU
{2c04214a-e25c-406e-b96b-eb0e76da35ce}.Debug|Any CPU.Deploy.0 = Debug|Any CPU
{2c04214a-e25c-406e-b96b-eb0e76da35ce}.Release|Any CPU.ActiveCfg = Release|Any CPU
{2c04214a-e25c-406e-b96b-eb0e76da35ce}.Release|Any CPU.Build.0 = Release|Any CPU
{2c04214a-e25c-406e-b96b-eb0e76da35ce}.Release|Any CPU.Deploy.0 = Release|Any CPU
{120ffe96-9a74-4cbf-bedd-5b1a555c680b}.Debug|Any CPU.ActiveCfg = Debug|Any CPU
{120ffe96-9a74-4cbf-bedd-5b1a555c680b}.Debug|Any CPU.Build.0 = Debug|Any CPU
{120ffe96-9a74-4cbf-bedd-5b1a555c680b}.Debug|Any CPU.Deploy.0 = Debug|Any CPU
{120ffe96-9a74-4cbf-bedd-5b1a555c680b}.Release|Any CPU.ActiveCfg = Release|Any CPU
{120ffe96-9a74-4cbf-bedd-5b1a555c680b}.Release|Any CPU.Build.0 = Release|Any CPU
{120ffe96-9a74-4cbf-bedd-5b1a555c680b}.Release|Any CPU.Deploy.0 = Release|Any CPU
{d43ceb7a-f561-41dc-b5ad-e51cf0932e5d}.Debug|Any CPU.ActiveCfg = Debug|Any CPU
{d43ceb7a-f561-41dc-b5ad-e51cf0932e5d}.Debug|Any CPU.Build.0 = Debug|Any CPU
{d43ceb7a-f561-41dc-b5ad-e51cf0932e5d}.Debug|Any CPU.Deploy.0 = Debug|Any CPU
{d43ceb7a-f561-41dc-b5ad-e51cf0932e5d}.Release|Any CPU.ActiveCfg = Release|Any CPU
{d43ceb7a-f561-41dc-b5ad-e51cf0932e5d}.Release|Any CPU.Build.0 = Release|Any CPU
{d43ceb7a-f561-41dc-b5ad-e51cf0932e5d}.Release|Any CPU.Deploy.0 = Release|Any CPU
{98af066b-b300-4dc0-b0ee-3f6c72b93bef}.Debug|Any CPU.ActiveCfg = Debug|Any CPU
{98af066b-b300-4dc0-b0ee-3f6c72b93bef}.Debug|Any CPU.Build.0 = Debug|Any CPU
{98af066b-b300-4dc0-b0ee-3f6c72b93bef}.Debug|Any CPU.Deploy.0 = Debug|Any CPU
{98af066b-b300-4dc0-b0ee-3f6c72b93bef}.Release|Any CPU.ActiveCfg = Release|Any CPU
{98af066b-b300-4dc0-b0ee-3f6c72b93bef}.Release|Any CPU.Build.0 = Release|Any CPU
{98af066b-b300-4dc0-b0ee-3f6c72b93bef}.Release|Any CPU.Deploy.0 = Release|Any CPU
{b9123155-ceb1-4685-b944-536130484693}.Debug|Any CPU.ActiveCfg = Debug|Any CPU
{b9123155-ceb1-4685-b944-536130484693}.Debug|Any CPU.Build.0 = Debug|Any CPU
{b9123155-ceb1-4685-b944-536130484693}.Debug|Any CPU.Deploy.0 = Debug|Any CPU
{b9123155-ceb1-4685-b944-536130484693}.Release|Any CPU.ActiveCfg = Release|Any CPU
{b9123155-ceb1-4685-b944-536130484693}.Release|Any CPU.Build.0 = Release|Any CPU
{b9123155-ceb1-4685-b944-536130484693}.Release|Any CPU.Deploy.0 = Release|Any CPU
{cdf0d35b-0c36-4b2c-8569-9ec8dc6932b2}.Debug|Any CPU.ActiveCfg = Debug|Any CPU
{cdf0d35b-0c36-4b2c-8569-9ec8dc6932b2}.Debug|Any CPU.Build.0 = Debug|Any CPU
{cdf0d35b-0c36-4b2c-8569-9ec8dc6932b2}.Debug|Any CPU.Deploy.0 = Debug|Any CPU
{cdf0d35b-0c36-4b2c-8569-9ec8dc6932b2}.Release|Any CPU.ActiveCfg = Release|Any CPU
{cdf0d35b-0c36-4b2c-8569-9ec8dc6932b2}.Release|Any CPU.Build.0 = Release|Any CPU
{cdf0d35b-0c36-4b2c-8569-9ec8dc6932b2}.Release|Any CPU.Deploy.0 = Release|Any CPU
{e664d1e7-ff65-491c-8f68-c7ac1dc28ee9}.Debug|Any CPU.ActiveCfg = Debug|Any CPU
{e664d1e7-ff65-491c-8f68-c7ac1dc28ee9}.Debug|Any CPU.Build.0 = Debug|Any CPU
{e664d1e7-ff65-491c-8f68-c7ac1dc28ee9}.Debug|Any CPU.Deploy.0 = Debug|Any CPU
{e664d1e7-ff65-491c-8f68-c7ac1dc28ee9}.Release|Any CPU.ActiveCfg = Release|Any CPU
{e664d1e7-ff65-491c-8f68-c7ac1dc28ee9}.Release|Any CPU.Build.0 = Release|Any CPU
{e664d1e7-ff65-491c-8f68-c7ac1dc28ee9}.Release|Any CPU.Deploy.0 = Release|Any CPU
{ac00f772-efae-4b39-a8e7-ae8880e3c7a2}.Debug|Any CPU.ActiveCfg = Debug|Any CPU
{ac00f772-efae-4b39-a8e7-ae8880e3c7a2}.Debug|Any CPU.Build.0 = Debug|Any CPU
{ac00f772-efae-4b39-a8e7-ae8880e3c7a2}.Debug|Any CPU.Deploy.0 = Debug|Any CPU
{ac00f772-efae-4b39-a8e7-ae8880e3c7a2}.Release|Any CPU.ActiveCfg = Release|Any CPU
{ac00f772-efae-4b39-a8e7-ae8880e3c7a2}.Release|Any CPU.Build.0 = Release|Any CPU
{ac00f772-efae-4b39-a8e7-ae8880e3c7a2}.Release|Any CPU.Deploy.0 = Release|Any CPU
{550862bb-69c9-430e-83e6-c31cd78abb2f}.Debug|Any CPU.ActiveCfg = Debug|Any CPU
{550862bb-69c9-430e-83e6-c31cd78abb2f}.Debug|Any CPU.Build.0 = Debug|Any CPU
{550862bb-69c9-430e-83e6-c31cd78abb2f}.Debug|Any CPU.Deploy.0 = Debug|Any CPU
{550862bb-69c9-430e-83e6-c31cd78abb2f}.Release|Any CPU.ActiveCfg = Release|Any CPU
{550862bb-69c9-430e-83e6-c31cd78abb2f}.Release|Any CPU.Build.0 = Release|Any CPU
{550862bb-69c9-430e-83e6-c31cd78abb2f}.Release|Any CPU.Deploy.0 = Release|Any CPU
{190a68d9-96ee-4931-a693-821b7ef52e78}.Debug|Any CPU.ActiveCfg = Debug|Any CPU
{190a68d9-96ee-4931-a693-821b7ef52e78}.Debug|Any CPU.Build.0 = Debug|Any CPU
{190a68d9-96ee-4931-a693-821b7ef52e78}.Debug|Any CPU.Deploy.0 = Debug|Any CPU
{190a68d9-96ee-4931-a693-821b7ef52e78}.Release|Any CPU.ActiveCfg = Release|Any CPU
{190a68d9-96ee-4931-a693-821b7ef52e78}.Release|Any CPU.Build.0 = Release|Any CPU
{190a68d9-96ee-4931-a693-821b7ef52e78}.Release|Any CPU.Deploy.0 = Release|Any CPU
{d57b63dc-65d3-4896-9341-8a8fce448ba4}.Debug|Any CPU.ActiveCfg = Debug|Any CPU
{d57b63dc-65d3-4896-9341-8a8fce448ba4}.Debug|Any CPU.Build.0 = Debug|Any CPU
{d57b63dc-65d3-4896-9341-8a8fce448ba4}.Debug|Any CPU.Deploy.0 = Debug|Any CPU
{d57b63dc-65d3-4896-9341-8a8fce448ba4}.Release|Any CPU.ActiveCfg = Release|Any CPU
{d57b63dc-65d3-4896-9341-8a8fce448ba4}.Release|Any CPU.Build.0 = Release|Any CPU
{d57b63dc-65d3-4896-9341-8a8fce448ba4}.Release|Any CPU.Deploy.0 = Release|Any CPU
{86c540d9-3380-429f-9436-a82cda16609c}.Debug|Any CPU.ActiveCfg = Debug|Any CPU
{86c540d9-3380-429f-9436-a82cda16609c}.Debug|Any CPU.Build.0 = Debug|Any CPU
{86c540d9-3380-429f-9436-a82cda16609c}.Debug|Any CPU.Deploy.0 = Debug|Any CPU
{86c540d9-3380-429f-9436-a82cda16609c}.Release|Any CPU.ActiveCfg = Release|Any CPU
{86c540d9-3380-429f-9436-a82cda16609c}.Release|Any CPU.Build.0 = Release|Any CPU
{86c540d9-3380-429f-9436-a82cda16609c}.Release|Any CPU.Deploy.0 = Release|Any CPU
{fd729464-b968-4c8e-919f-e5007c9ed76a}.Debug|Any CPU.ActiveCfg = Debug|Any CPU
{fd729464-b968-4c8e-919f-e5007c9ed76a}.Debug|Any CPU.Build.0 = Debug|Any CPU
{fd729464-b968-4c8e-919f-e5007c9ed76a}.Debug|Any CPU.Deploy.0 = Debug|Any CPU
{fd729464-b968-4c8e-919f-e5007c9ed76a}.Release|Any CPU.ActiveCfg = Release|Any CPU
{fd729464-b968-4c8e-919f-e5007c9ed76a}.Release|Any CPU.Build.0 = Release|Any CPU
{fd729464-b968-4c8e-919f-e5007c9ed76a}.Release|Any CPU.Deploy.0 = Release|Any CPU
{03bc8752-59fc-4831-8bd2-161a4738750b}.Debug|Any CPU.ActiveCfg = Debug|Any CPU
{03bc8752-59fc-4831-8bd2-161a4738750b}.Debug|Any CPU.Build.0 = Debug|Any CPU
{03bc8752-59fc-4831-8bd2-161a4738750b}.Debug|Any CPU.Deploy.0 = Debug|Any CPU
{03bc8752-59fc-4831-8bd2-161a4738750b}.Release|Any CPU.ActiveCfg = Release|Any CPU
{03bc8752-59fc-4831-8bd2-161a4738750b}.Release|Any CPU.Build.0 = Release|Any CPU
{03bc8752-59fc-4831-8bd2-161a4738750b}.Release|Any CPU.Deploy.0 = Release|Any CPU
{b3043fb3-097c-46e6-9c4b-e56845115ce3}.Debug|Any CPU.ActiveCfg = Debug|Any CPU
{b3043fb3-097c-46e6-9c4b-e56845115ce3}.Debug|Any CPU.Build.0 = Debug|Any CPU
{b3043fb3-097c-46e6-9c4b-e56845115ce3}.Debug|Any CPU.Deploy.0 = Debug|Any CPU
{b3043fb3-097c-46e6-9c4b-e56845115ce3}.Release|Any CPU.ActiveCfg = Release|Any CPU
{b3043fb3-097c-46e6-9c4b-e56845115ce3}.Release|Any CPU.Build.0 = Release|Any CPU
{b3043fb3-097c-46e6-9c4b-e56845115ce3}.Release|Any CPU.Deploy.0 = Release|Any CPU
{addb08bc-890d-469a-80b2-704b0ad857c6}.Debug|Any CPU.ActiveCfg = Debug|Any CPU
{addb08bc-890d-469a-80b2-704b0ad857c6}.Debug|Any CPU.Build.0 = Debug|Any CPU
{addb08bc-890d-469a-80b2-704b0ad857c6}.Debug|Any CPU.Deploy.0 = Debug|Any CPU
{addb08bc-890d-469a-80b2-704b0ad857c6}.Release|Any CPU.ActiveCfg = Release|Any CPU
{addb08bc-890d-469a-80b2-704b0ad857c6}.Release|Any CPU.Build.0 = Release|Any CPU
{addb08bc-890d-469a-80b2-704b0ad857c6}.Release|Any CPU.Deploy.0 = Release|Any CPU
{326ee890-416d-4275-99eb-d567e8265d32}.Debug|Any CPU.ActiveCfg = Debug|Any CPU
{326ee890-416d-4275-99eb-d567e8265d32}.Debug|Any CPU.Build.0 = Debug|Any CPU
{326ee890-416d-4275-99eb-d567e8265d32}.Debug|Any CPU.Deploy.0 = Debug|Any CPU
{326ee890-416d-4275-99eb-d567e8265d32}.Release|Any CPU.ActiveCfg = Release|Any CPU
{326ee890-416d-4275-99eb-d567e8265d32}.Release|Any CPU.Build.0 = Release|Any CPU
{326ee890-416d-4275-99eb-d567e8265d32}.Release|Any CPU.Deploy.0 = Release|Any CPU
{55b8267a-58c3-43b7-95f8-527e949857d5}.Debug|Any CPU.ActiveCfg = Debug|Any CPU
{55b8267a-58c3-43b7-95f8-527e949857d5}.Debug|Any CPU.Build.0 = Debug|Any CPU
{55b8267a-58c3-43b7-95f8-527e949857d5}.Debug|Any CPU.Deploy.0 = Debug|Any CPU
{55b8267a-58c3-43b7-95f8-527e949857d5}.Release|Any CPU.ActiveCfg = Release|Any CPU
{55b8267a-58c3-43b7-95f8-527e949857d5}.Release|Any CPU.Build.0 = Release|Any CPU
{55b8267a-58c3-43b7-95f8-527e949857d5}.Release|Any CPU.Deploy.0 = Release|Any CPU
{81f24873-140e-4d46-b4ed-00c117e363da}.Debug|Any CPU.ActiveCfg = Debug|Any CPU
{81f24873-140e-4d46-b4ed-00c117e363da}.Debug|Any CPU.Build.0 = Debug|Any CPU
{81f24873-140e-4d46-b4ed-00c117e363da}.Debug|Any CPU.Deploy.0 = Debug|Any CPU
{81f24873-140e-4d46-b4ed-00c117e363da}.Release|Any CPU.ActiveCfg = Release|Any CPU
{81f24873-140e-4d46-b4ed-00c117e363da}.Release|Any CPU.Build.0 = Release|Any CPU
{81f24873-140e-4d46-b4ed-00c117e363da}.Release|Any CPU.Deploy.0 = Release|Any CPU
{bc152620-9e2e-455c-97ba-c6866e6d3f3e}.Debug|Any CPU.ActiveCfg = Debug|Any CPU
{bc152620-9e2e-455c-97ba-c6866e6d3f3e}.Debug|Any CPU.Build.0 = Debug|Any CPU
{bc152620-9e2e-455c-97ba-c6866e6d3f3e}.Debug|Any CPU.Deploy.0 = Debug|Any CPU
{bc152620-9e2e-455c-97ba-c6866e6d3f3e}.Release|Any CPU.ActiveCfg = Release|Any CPU
{bc152620-9e2e-455c-97ba-c6866e6d3f3e}.Release|Any CPU.Build.0 = Release|Any CPU
{bc152620-9e2e-455c-97ba-c6866e6d3f3e}.Release|Any CPU.Deploy.0 = Release|Any CPU
{2b0f18d5-c4d8-4e26-826f-42fc67d96140}.Debug|Any CPU.ActiveCfg = Debug|Any CPU
{2b0f18d5-c4d8-4e26-826f-42fc67d96140}.Debug|Any CPU.Build.0 = Debug|Any CPU
{2b0f18d5-c4d8-4e26-826f-42fc67d96140}.Debug|Any CPU.Deploy.0 = Debug|Any CPU
{2b0f18d5-c4d8-4e26-826f-42fc67d96140}.Release|Any CPU.ActiveCfg = Release|Any CPU
{2b0f18d5-c4d8-4e26-826f-42fc67d96140}.Release|Any CPU.Build.0 = Release|Any CPU
{2b0f18d5-c4d8-4e26-826f-42fc67d96140}.Release|Any CPU.Deploy.0 = Release|Any CPU
{974c9a86-ad80-4c4d-9658-af5f2a477a82}.Debug|Any CPU.ActiveCfg = Debug|Any CPU
{974c9a86-ad80-4c4d-9658-af5f2a477a82}.Debug|Any CPU.Build.0 = Debug|Any CPU
{974c9a86-ad80-4c4d-9658-af5f2a477a82}.Debug|Any CPU.Deploy.0 = Debug|Any CPU
{974c9a86-ad80-4c4d-9658-af5f2a477a82}.Release|Any CPU.ActiveCfg = Release|Any CPU
{974c9a86-ad80-4c4d-9658-af5f2a477a82}.Release|Any CPU.Build.0 = Release|Any CPU
{974c9a86-ad80-4c4d-9658-af5f2a477a82}.Release|Any CPU.Deploy.0 = Release|Any CPU
{7a769b41-f607-4486-bb34-83128a576db2}.Debug|Any CPU.ActiveCfg = Debug|Any CPU
{7a769b41-f607-4486-bb34-83128a576db2}.Debug|Any CPU.Build.0 = Debug|Any CPU
{7a769b41-f607-4486-bb34-83128a576db2}.Debug|Any CPU.Deploy.0 = Debug|Any CPU
{7a769b41-f607-4486-bb34-83128a576db2}.Release|Any CPU.ActiveCfg = Release|Any CPU
{7a769b41-f607-4486-bb34-83128a576db2}.Release|Any CPU.Build.0 = Release|Any CPU
{7a769b41-f607-4486-bb34-83128a576db2}.Release|Any CPU.Deploy.0 = Release|Any CPU
{0122bf09-1528-449b-a42a-7ea9f7891d16}.Debug|Any CPU.ActiveCfg = Debug|Any CPU
{0122bf09-1528-449b-a42a-7ea9f7891d16}.Debug|Any CPU.Build.0 = Debug|Any CPU
{0122bf09-1528-449b-a42a-7ea9f7891d16}.Debug|Any CPU.Deploy.0 = Debug|Any CPU
{0122bf09-1528-449b-a42a-7ea9f7891d16}.Release|Any CPU.ActiveCfg = Release|Any CPU
{0122bf09-1528-449b-a42a-7ea9f7891d16}.Release|Any CPU.Build.0 = Release|Any CPU
{0122bf09-1528-449b-a42a-7ea9f7891d16}.Release|Any CPU.Deploy.0 = Release|Any CPU
{c351a5d6-5693-4902-a7a4-155f6b835fff}.Debug|Any CPU.ActiveCfg = Debug|Any CPU
{c351a5d6-5693-4902-a7a4-155f6b835fff}.Debug|Any CPU.Build.0 = Debug|Any CPU
{c351a5d6-5693-4902-a7a4-155f6b835fff}.Debug|Any CPU.Deploy.0 = Debug|Any CPU
{c351a5d6-5693-4902-a7a4-155f6b835fff}.Release|Any CPU.ActiveCfg = Release|Any CPU
{c351a5d6-5693-4902-a7a4-155f6b835fff}.Release|Any CPU.Build.0 = Release|Any CPU
{c351a5d6-5693-4902-a7a4-155f6b835fff}.Release|Any CPU.Deploy.0 = Release|Any CPU
{f5f5c9b7-29ec-4694-9eb5-a57f6745ee05}.Debug|Any CPU.ActiveCfg = Debug|Any CPU
{f5f5c9b7-29ec-4694-9eb5-a57f6745ee05}.Debug|Any CPU.Build.0 = Debug|Any CPU
{f5f5c9b7-29ec-4694-9eb5-a57f6745ee05}.Debug|Any CPU.Deploy.0 = Debug|Any CPU
{f5f5c9b7-29ec-4694-9eb5-a57f6745ee05}.Release|Any CPU.ActiveCfg = Release|Any CPU
{f5f5c9b7-29ec-4694-9eb5-a57f6745ee05}.Release|Any CPU.Build.0 = Release|Any CPU
{f5f5c9b7-29ec-4694-9eb5-a57f6745ee05}.Release|Any CPU.Deploy.0 = Release|Any CPU
{8bb50b5d-aed1-485b-91d3-93ba4cb3b062}.Debug|Any CPU.ActiveCfg = Debug|Any CPU
{8bb50b5d-aed1-485b-91d3-93ba4cb3b062}.Debug|Any CPU.Build.0 = Debug|Any CPU
{8bb50b5d-aed1-485b-91d3-93ba4cb3b062}.Debug|Any CPU.Deploy.0 = Debug|Any CPU
{8bb50b5d-aed1-485b-91d3-93ba4cb3b062}.Release|Any CPU.ActiveCfg = Release|Any CPU
{8bb50b5d-aed1-485b-91d3-93ba4cb3b062}.Release|Any CPU.Build.0 = Release|Any CPU
{8bb50b5d-aed1-485b-91d3-93ba4cb3b062}.Release|Any CPU.Deploy.0 = Release|Any CPU
{92366d08-dee5-470f-af80-dd847f8909fb}.Debug|Any CPU.ActiveCfg = Debug|Any CPU
{92366d08-dee5-470f-af80-dd847f8909fb}.Debug|Any CPU.Build.0 = Debug|Any CPU
{92366d08-dee5-470f-af80-dd847f8909fb}.Debug|Any CPU.Deploy.0 = Debug|Any CPU
{92366d08-dee5-470f-af80-dd847f8909fb}.Release|Any CPU.ActiveCfg = Release|Any CPU
{92366d08-dee5-470f-af80-dd847f8909fb}.Release|Any CPU.Build.0 = Release|Any CPU
{92366d08-dee5-470f-af80-dd847f8909fb}.Release|Any CPU.Deploy.0 = Release|Any CPU
{9093503b-0d27-49ab-8a1b-030a7b5c5c18}.Debug|Any CPU.ActiveCfg = Debug|Any CPU
{9093503b-0d27-49ab-8a1b-030a7b5c5c18}.Debug|Any CPU.Build.0 = Debug|Any CPU
{9093503b-0d27-49ab-8a1b-030a7b5c5c18}.Debug|Any CPU.Deploy.0 = Debug|Any CPU
{9093503b-0d27-49ab-8a1b-030a7b5c5c18}.Release|Any CPU.ActiveCfg = Release|Any CPU
{9093503b-0d27-49ab-8a1b-030a7b5c5c18}.Release|Any CPU.Build.0 = Release|Any CPU
{9093503b-0d27-49ab-8a1b-030a7b5c5c18}.Release|Any CPU.Deploy.0 = Release|Any CPU
{0335a014-f21e-4fdf-ae1b-8be3d414fc32}.Debug|Any CPU.ActiveCfg = Debug|Any CPU
{0335a014-f21e-4fdf-ae1b-8be3d414fc32}.Debug|Any CPU.Build.0 = Debug|Any CPU
{0335a014-f21e-4fdf-ae1b-8be3d414fc32}.Debug|Any CPU.Deploy.0 = Debug|Any CPU
{0335a014-f21e-4fdf-ae1b-8be3d414fc32}.Release|Any CPU.ActiveCfg = Release|Any CPU
{0335a014-f21e-4fdf-ae1b-8be3d414fc32}.Release|Any CPU.Build.0 = Release|Any CPU
{0335a014-f21e-4fdf-ae1b-8be3d414fc32}.Release|Any CPU.Deploy.0 = Release|Any CPU
{f101e9bc-3d36-428e-ab8d-a38f23dd3b58}.Debug|Any CPU.ActiveCfg = Debug|Any CPU
{f101e9bc-3d36-428e-ab8d-a38f23dd3b58}.Debug|Any CPU.Build.0 = Debug|Any CPU
{f101e9bc-3d36-428e-ab8d-a38f23dd3b58}.Debug|Any CPU.Deploy.0 = Debug|Any CPU
{f101e9bc-3d36-428e-ab8d-a38f23dd3b58}.Release|Any CPU.ActiveCfg = Release|Any CPU
{f101e9bc-3d36-428e-ab8d-a38f23dd3b58}.Release|Any CPU.Build.0 = Release|Any CPU
{f101e9bc-3d36-428e-ab8d-a38f23dd3b58}.Release|Any CPU.Deploy.0 = Release|Any CPU
{39833453-c281-45a5-9ffb-52f9b786a295}.Debug|Any CPU.ActiveCfg = Debug|Any CPU
{39833453-c281-45a5-9ffb-52f9b786a295}.Debug|Any CPU.Build.0 = Debug|Any CPU
{39833453-c281-45a5-9ffb-52f9b786a295}.Debug|Any CPU.Deploy.0 = Debug|Any CPU
{39833453-c281-45a5-9ffb-52f9b786a295}.Release|Any CPU.ActiveCfg = Release|Any CPU
{39833453-c281-45a5-9ffb-52f9b786a295}.Release|Any CPU.Build.0 = Release|Any CPU
{39833453-c281-45a5-9ffb-52f9b786a295}.Release|Any CPU.Deploy.0 = Release|Any CPU
{7071ebd6-0a16-4f6e-92b2-6d837178574e}.Debug|Any CPU.ActiveCfg = Debug|Any CPU
{7071ebd6-0a16-4f6e-92b2-6d837178574e}.Debug|Any CPU.Build.0 = Debug|Any CPU
{7071ebd6-0a16-4f6e-92b2-6d837178574e}.Debug|Any CPU.Deploy.0 = Debug|Any CPU
{7071ebd6-0a16-4f6e-92b2-6d837178574e}.Release|Any CPU.ActiveCfg = Release|Any CPU
{7071ebd6-0a16-4f6e-92b2-6d837178574e}.Release|Any CPU.Build.0 = Release|Any CPU
{7071ebd6-0a16-4f6e-92b2-6d837178574e}.Release|Any CPU.Deploy.0 = Release|Any CPU
{3b261c38-eaf1-416a-9d96-d0ce8e1f974d}.Debug|Any CPU.ActiveCfg = Debug|Any CPU
{3b261c38-eaf1-416a-9d96-d0ce8e1f974d}.Debug|Any CPU.Build.0 = Debug|Any CPU
{3b261c38-eaf1-416a-9d96-d0ce8e1f974d}.Debug|Any CPU.Deploy.0 = Debug|Any CPU
{3b261c38-eaf1-416a-9d96-d0ce8e1f974d}.Release|Any CPU.ActiveCfg = Release|Any CPU
{3b261c38-eaf1-416a-9d96-d0ce8e1f974d}.Release|Any CPU.Build.0 = Release|Any CPU
{3b261c38-eaf1-416a-9d96-d0ce8e1f974d}.Release|Any CPU.Deploy.0 = Release|Any CPU
{8b184fc7-9c48-4e38-a4ba-6dfe0d2acc31}.Debug|Any CPU.ActiveCfg = Debug|Any CPU
{8b184fc7-9c48-4e38-a4ba-6dfe0d2acc31}.Debug|Any CPU.Build.0 = Debug|Any CPU
{8b184fc7-9c48-4e38-a4ba-6dfe0d2acc31}.Debug|Any CPU.Deploy.0 = Debug|Any CPU
{8b184fc7-9c48-4e38-a4ba-6dfe0d2acc31}.Release|Any CPU.ActiveCfg = Release|Any CPU
{8b184fc7-9c48-4e38-a4ba-6dfe0d2acc31}.Release|Any CPU.Build.0 = Release|Any CPU
{8b184fc7-9c48-4e38-a4ba-6dfe0d2acc31}.Release|Any CPU.Deploy.0 = Release|Any CPU
{cd44de46-7144-4c8d-9c0c-e2f7b487cc38}.Debug|Any CPU.ActiveCfg = Debug|Any CPU
{cd44de46-7144-4c8d-9c0c-e2f7b487cc38}.Debug|Any CPU.Build.0 = Debug|Any CPU
{cd44de46-7144-4c8d-9c0c-e2f7b487cc38}.Debug|Any CPU.Deploy.0 = Debug|Any CPU
{cd44de46-7144-4c8d-9c0c-e2f7b487cc38}.Release|Any CPU.ActiveCfg = Release|Any CPU
{cd44de46-7144-4c8d-9c0c-e2f7b487cc38}.Release|Any CPU.Build.0 = Release|Any CPU
{cd44de46-7144-4c8d-9c0c-e2f7b487cc38}.Release|Any CPU.Deploy.0 = Release|Any CPU
{14844acd-140a-4d68-b602-d4bfca8f8d8e}.Debug|Any CPU.ActiveCfg = Debug|Any CPU
{14844acd-140a-4d68-b602-d4bfca8f8d8e}.Debug|Any CPU.Build.0 = Debug|Any CPU
{14844acd-140a-4d68-b602-d4bfca8f8d8e}.Debug|Any CPU.Deploy.0 = Debug|Any CPU
{14844acd-140a-4d68-b602-d4bfca8f8d8e}.Release|Any CPU.ActiveCfg = Release|Any CPU
{14844acd-140a-4d68-b602-d4bfca8f8d8e}.Release|Any CPU.Build.0 = Release|Any CPU
{14844acd-140a-4d68-b602-d4bfca8f8d8e}.Release|Any CPU.Deploy.0 = Release|Any CPU
{9390f864-daa4-422e-8b66-20bcec9ac740}.Debug|Any CPU.ActiveCfg = Debug|Any CPU
{9390f864-daa4-422e-8b66-20bcec9ac740}.Debug|Any CPU.Build.0 = Debug|Any CPU
{9390f864-daa4-422e-8b66-20bcec9ac740}.Debug|Any CPU.Deploy.0 = Debug|Any CPU
{9390f864-daa4-422e-8b66-20bcec9ac740}.Release|Any CPU.ActiveCfg = Release|Any CPU
{9390f864-daa4-422e-8b66-20bcec9ac740}.Release|Any CPU.Build.0 = Release|Any CPU
{9390f864-daa4-422e-8b66-20bcec9ac740}.Release|Any CPU.Deploy.0 = Release|Any CPU
{21c5ddd0-a955-41c4-9b9c-564868a4d6b5}.Debug|Any CPU.ActiveCfg = Debug|Any CPU
{21c5ddd0-a955-41c4-9b9c-564868a4d6b5}.Debug|Any CPU.Build.0 = Debug|Any CPU
{21c5ddd0-a955-41c4-9b9c-564868a4d6b5}.Debug|Any CPU.Deploy.0 = Debug|Any CPU
{21c5ddd0-a955-41c4-9b9c-564868a4d6b5}.Release|Any CPU.ActiveCfg = Release|Any CPU
{21c5ddd0-a955-41c4-9b9c-564868a4d6b5}.Release|Any CPU.Build.0 = Release|Any CPU
{21c5ddd0-a955-41c4-9b9c-564868a4d6b5}.Release|Any CPU.Deploy.0 = Release|Any CPU
{ef6430ea-0b85-47e9-9a8d-e269b4a6d5dc}.Debug|Any CPU.ActiveCfg = Debug|Any CPU
{ef6430ea-0b85-47e9-9a8d-e269b4a6d5dc}.Debug|Any CPU.Build.0 = Debug|Any CPU
{ef6430ea-0b85-47e9-9a8d-e269b4a6d5dc}.Debug|Any CPU.Deploy.0 = Debug|Any CPU
{ef6430ea-0b85-47e9-9a8d-e269b4a6d5dc}.Release|Any CPU.ActiveCfg = Release|Any CPU
{ef6430ea-0b85-47e9-9a8d-e269b4a6d5dc}.Release|Any CPU.Build.0 = Release|Any CPU
{ef6430ea-0b85-47e9-9a8d-e269b4a6d5dc}.Release|Any CPU.Deploy.0 = Release|Any CPU
{be411159-5268-47b5-b11a-f9c446d98836}.Debug|Any CPU.ActiveCfg = Debug|Any CPU
{be411159-5268-47b5-b11a-f9c446d98836}.Debug|Any CPU.Build.0 = Debug|Any CPU
{be411159-5268-47b5-b11a-f9c446d98836}.Debug|Any CPU.Deploy.0 = Debug|Any CPU
{be411159-5268-47b5-b11a-f9c446d98836}.Release|Any CPU.ActiveCfg = Release|Any CPU
{be411159-5268-47b5-b11a-f9c446d98836}.Release|Any CPU.Build.0 = Release|Any CPU
{be411159-5268-47b5-b11a-f9c446d98836}.Release|Any CPU.Deploy.0 = Release|Any CPU
{b4b18f55-01e9-45ab-a7bc-a6b6cd182039}.Debug|Any CPU.ActiveCfg = Debug|Any CPU
{b4b18f55-01e9-45ab-a7bc-a6b6cd182039}.Debug|Any CPU.Build.0 = Debug|Any CPU
{b4b18f55-01e9-45ab-a7bc-a6b6cd182039}.Debug|Any CPU.Deploy.0 = Debug|Any CPU
{b4b18f55-01e9-45ab-a7bc-a6b6cd182039}.Release|Any CPU.ActiveCfg = Release|Any CPU
{b4b18f55-01e9-45ab-a7bc-a6b6cd182039}.Release|Any CPU.Build.0 = Release|Any CPU
{b4b18f55-01e9-45ab-a7bc-a6b6cd182039}.Release|Any CPU.Deploy.0 = Release|Any CPU
{5e874d64-7ef6-4a0a-8fa9-7329378c76ea}.Debug|Any CPU.ActiveCfg = Debug|Any CPU
{5e874d64-7ef6-4a0a-8fa9-7329378c76ea}.Debug|Any CPU.Build.0 = Debug|Any CPU
{5e874d64-7ef6-4a0a-8fa9-7329378c76ea}.Debug|Any CPU.Deploy.0 = Debug|Any CPU
{5e874d64-7ef6-4a0a-8fa9-7329378c76ea}.Release|Any CPU.ActiveCfg = Release|Any CPU
{5e874d64-7ef6-4a0a-8fa9-7329378c76ea}.Release|Any CPU.Build.0 = Release|Any CPU
{5e874d64-7ef6-4a0a-8fa9-7329378c76ea}.Release|Any CPU.Deploy.0 = Release|Any CPU
{d801dba9-7fa7-4a66-970e-0c46a9b12728}.Debug|Any CPU.ActiveCfg = Debug|Any CPU
{d801dba9-7fa7-4a66-970e-0c46a9b12728}.Debug|Any CPU.Build.0 = Debug|Any CPU
{d801dba9-7fa7-4a66-970e-0c46a9b12728}.Debug|Any CPU.Deploy.0 = Debug|Any CPU
{d801dba9-7fa7-4a66-970e-0c46a9b12728}.Release|Any CPU.ActiveCfg = Release|Any CPU
{d801dba9-7fa7-4a66-970e-0c46a9b12728}.Release|Any CPU.Build.0 = Release|Any CPU
{d801dba9-7fa7-4a66-970e-0c46a9b12728}.Release|Any CPU.Deploy.0 = Release|Any CPU
{d7f744a6-3456-4a4e-967b-37b1cd582626}.Debug|Any CPU.ActiveCfg = Debug|Any CPU
{d7f744a6-3456-4a4e-967b-37b1cd582626}.Debug|Any CPU.Build.0 = Debug|Any CPU
{d7f744a6-3456-4a4e-967b-37b1cd582626}.Debug|Any CPU.Deploy.0 = Debug|Any CPU
{d7f744a6-3456-4a4e-967b-37b1cd582626}.Release|Any CPU.ActiveCfg = Release|Any CPU
{d7f744a6-3456-4a4e-967b-37b1cd582626}.Release|Any CPU.Build.0 = Release|Any CPU
{d7f744a6-3456-4a4e-967b-37b1cd582626}.Release|Any CPU.Deploy.0 = Release|Any CPU
{e03e3ba1-e10d-46bc-9e44-8844a169aecc}.Debug|Any CPU.ActiveCfg = Debug|Any CPU
{e03e3ba1-e10d-46bc-9e44-8844a169aecc}.Debug|Any CPU.Build.0 = Debug|Any CPU
{e03e3ba1-e10d-46bc-9e44-8844a169aecc}.Debug|Any CPU.Deploy.0 = Debug|Any CPU
{e03e3ba1-e10d-46bc-9e44-8844a169aecc}.Release|Any CPU.ActiveCfg = Release|Any CPU
{e03e3ba1-e10d-46bc-9e44-8844a169aecc}.Release|Any CPU.Build.0 = Release|Any CPU
{e03e3ba1-e10d-46bc-9e44-8844a169aecc}.Release|Any CPU.Deploy.0 = Release|Any CPU
{35744f48-f891-4bcf-af37-867de476d0d8}.Debug|Any CPU.ActiveCfg = Debug|Any CPU
{35744f48-f891-4bcf-af37-867de476d0d8}.Debug|Any CPU.Build.0 = Debug|Any CPU
{35744f48-f891-4bcf-af37-867de476d0d8}.Debug|Any CPU.Deploy.0 = Debug|Any CPU
{35744f48-f891-4bcf-af37-867de476d0d8}.Release|Any CPU.ActiveCfg = Release|Any CPU
{35744f48-f891-4bcf-af37-867de476d0d8}.Release|Any CPU.Build.0 = Release|Any CPU
{35744f48-f891-4bcf-af37-867de476d0d8}.Release|Any CPU.Deploy.0 = Release|Any CPU
{4261c0dc-b5a7-4ea3-9368-7c036bd6de76}.Debug|Any CPU.ActiveCfg = Debug|Any CPU
{4261c0dc-b5a7-4ea3-9368-7c036bd6de76}.Debug|Any CPU.Build.0 = Debug|Any CPU
{4261c0dc-b5a7-4ea3-9368-7c036bd6de76}.Debug|Any CPU.Deploy.0 = Debug|Any CPU
{4261c0dc-b5a7-4ea3-9368-7c036bd6de76}.Release|Any CPU.ActiveCfg = Release|Any CPU
{4261c0dc-b5a7-4ea3-9368-7c036bd6de76}.Release|Any CPU.Build.0 = Release|Any CPU
{4261c0dc-b5a7-4ea3-9368-7c036bd6de76}.Release|Any CPU.Deploy.0 = Release|Any CPU
{d124f4c3-0d38-4473-9554-1aa038b38edb}.Debug|Any CPU.ActiveCfg = Debug|Any CPU
{d124f4c3-0d38-4473-9554-1aa038b38edb}.Debug|Any CPU.Build.0 = Debug|Any CPU
{d124f4c3-0d38-4473-9554-1aa038b38edb}.Debug|Any CPU.Deploy.0 = Debug|Any CPU
{d124f4c3-0d38-4473-9554-1aa038b38edb}.Release|Any CPU.ActiveCfg = Release|Any CPU
{d124f4c3-0d38-4473-9554-1aa038b38edb}.Release|Any CPU.Build.0 = Release|Any CPU
{d124f4c3-0d38-4473-9554-1aa038b38edb}.Release|Any CPU.Deploy.0 = Release|Any CPU

	EndGlobalSection
	GlobalSection(SolutionProperties) = preSolution
		HideSolutionNode = FALSE
	EndGlobalSection
	GlobalSection(ExtensibilityGlobals) = postSolution
		SolutionGuid = {682be000-e941-4b2e-9aef-1094d258676c}
	EndGlobalSection
EndGlobal

